<?xml version="1.0" encoding="utf-8"?>
<Project ToolsVersion="4.0" xmlns="http://schemas.microsoft.com/developer/msbuild/2003">
  <ItemGroup>
    <Filter Include="Source Files">
      <UniqueIdentifier>{4FC737F1-C7A5-4376-A066-2A32D752A2FF}</UniqueIdentifier>
      <Extensions>cpp;c;cc;cxx;def;odl;idl;hpj;bat;asm;asmx</Extensions>
    </Filter>
    <Filter Include="indigo">
      <UniqueIdentifier>{cfaca15f-7fa8-4692-83e3-ee638fb15acc}</UniqueIdentifier>
    </Filter>
  </ItemGroup>
  <ItemGroup>
    <ClCompile Include="..\..\indigo_test\test.c">
      <Filter>Source Files</Filter>
    </ClCompile>
    <ClCompile Include="..\..\indigo_libs\indigo_base64.c">
      <Filter>indigo</Filter>
    </ClCompile>
    <ClCompile Include="..\..\indigo_libs\indigo_bus.c">
      <Filter>indigo</Filter>
    </ClCompile>
    <ClCompile Include="..\..\indigo_libs\indigo_client.c">
      <Filter>indigo</Filter>
    </ClCompile>
    <ClCompile Include="..\..\indigo_libs\indigo_client_xml.c">
      <Filter>indigo</Filter>
    </ClCompile>
    <ClCompile Include="..\..\indigo_libs\indigo_io.c">
      <Filter>indigo</Filter>
    </ClCompile>
    <ClCompile Include="..\..\indigo_libs\indigo_version.c">
      <Filter>indigo</Filter>
    </ClCompile>
    <ClCompile Include="..\..\indigo_libs\indigo_xml.c">
      <Filter>indigo</Filter>
    </ClCompile>
  </ItemGroup>
  <ItemGroup>
    <ClInclude Include="..\indigo_client\externals\pthreads4w\include\_ptw32.h">
      <Filter>indigo</Filter>
    </ClInclude>
    <ClInclude Include="..\..\indigo_libs\indigo_base64.h">
      <Filter>indigo</Filter>
    </ClInclude>
    <ClInclude Include="..\..\indigo_libs\indigo_base64_luts.h">
      <Filter>indigo</Filter>
    </ClInclude>
    <ClInclude Include="..\..\indigo_libs\indigo_bus.h">
      <Filter>indigo</Filter>
    </ClInclude>
    <ClInclude Include="..\..\indigo_libs\indigo_client.h">
      <Filter>indigo</Filter>
    </ClInclude>
    <ClInclude Include="..\..\indigo_libs\indigo_client_xml.h">
      <Filter>indigo</Filter>
    </ClInclude>
    <ClInclude Include="..\..\indigo_libs\indigo_config.h">
      <Filter>indigo</Filter>
    </ClInclude>
    <ClInclude Include="..\..\indigo_libs\indigo_io.h">
      <Filter>indigo</Filter>
    </ClInclude>
    <ClInclude Include="..\..\indigo_libs\indigo_version.h">
      <Filter>indigo</Filter>
    </ClInclude>
    <ClInclude Include="..\..\indigo_libs\indigo_xml.h">
      <Filter>indigo</Filter>
    </ClInclude>
    <ClInclude Include="..\indigo_client\externals\pthreads4w\include\pthread.h">
      <Filter>indigo</Filter>
    </ClInclude>
    <ClInclude Include="..\indigo_client\externals\pthreads4w\include\sched.h">
      <Filter>indigo</Filter>
    </ClInclude>
    <ClInclude Include="..\indigo_client\externals\pthreads4w\include\semaphore.h">
      <Filter>indigo</Filter>
    </ClInclude>
  </ItemGroup>
  <ItemGroup>
    <Library Include="..\indigo_client\externals\pthreads4w\lib\libpthreadVC3.lib">
      <Filter>indigo</Filter>
    </Library>
  </ItemGroup>
</Project>