Microsoft Visual Studio Solution File, Format Version 12.00
# Visual Studio Version 17
VisualStudioVersion = 17.12.35707.178
MinimumVisualStudioVersion = 10.0.40219.1
Project("{8BC9CEB8-8B4A-11D0-8D11-00A0C91BC942}") = "indigo", "indigo_libs\indigo.vcxproj", "{AA10BE9E-6416-4F58-B821-2D0E479EB81B}"
EndProject
Project("{8BC9CEB8-8B4A-11D0-8D11-00A0C91BC942}") = "indigo_server", "indigo_server\indigo_server.vcxproj", "{92C45E91-5D4C-4AD8-970C-975BA4141759}"
EndProject
Project("{8BC9CEB8-8B4A-11D0-8D11-00A0C91BC942}") = "indigo_gps_simulator", "indigo_drivers\gps_simulator\indigo_gps_simulator.vcxproj", "{F2F7FD9B-918D-400F-B956-4B61DA9AC713}"
EndProject
Project("{8BC9CEB8-8B4A-11D0-8D11-00A0C91BC942}") = "indigo_mount_simulator", "indigo_drivers\mount_simulator\indigo_mount_simulator.vcxproj", "{8FF4A248-D905-4778-BED8-7CAF85E4C6A3}"
EndProject
Project("{8BC9CEB8-8B4A-11D0-8D11-00A0C91BC942}") = "indigo_ccd_simulator", "indigo_drivers\ccd_simulator\indigo_ccd_simulator.vcxproj", "{1555B53F-7ADE-4751-888A-3A3549E3D3D9}"
EndProject
Project("{8BC9CEB8-8B4A-11D0-8D11-00A0C91BC942}") = "indigo_rotator_simulator", "indigo_drivers\rotator_simulator\indigo_rotator_simulator.vcxproj", "{88BCDDEF-E256-437D-A5AD-9EF58E6752FA}"
EndProject
Project("{8BC9CEB8-8B4A-11D0-8D11-00A0C91BC942}") = "indigo_dome_simulator", "indigo_drivers\dome_simulator\indigo_dome_simulator.vcxproj", "{BED3F6C7-D374-49BB-9004-EAF521129A8C}"
EndProject
Project("{8BC9CEB8-8B4A-11D0-8D11-00A0C91BC942}") = "make_indigo_drivers", "indigo_windows\make_indigo_drivers\make_indigo_drivers.vcxproj", "{EE2D3F23-9A54-48C7-901C-5D71F3A7D19F}"
EndProject
Project("{8BC9CEB8-8B4A-11D0-8D11-00A0C91BC942}") = "indigo_agent_mount", "indigo_drivers\agent_mount\indigo_agent_mount.vcxproj", "{D7058517-71DF-4F6B-865D-6038B2D6085C}"
EndProject
Project("{8BC9CEB8-8B4A-11D0-8D11-00A0C91BC942}") = "indigo_agent_auxiliary", "indigo_drivers\agent_auxiliary\indigo_agent_auxiliary.vcxproj", "{5F021221-5611-4173-9AF4-87B43FD3E3A5}"
EndProject
Project("{8BC9CEB8-8B4A-11D0-8D11-00A0C91BC942}") = "indigo_agent_config", "indigo_drivers\agent_config\indigo_agent_config.vcxproj", "{619339BE-BFCC-41FE-B258-EA9DB15CB26C}"
EndProject
Project("{8BC9CEB8-8B4A-11D0-8D11-00A0C91BC942}") = "indigo_agent_guider", "indigo_drivers\agent_guider\indigo_agent_guider.vcxproj", "{5D9B3665-D3AA-45A0-9B78-4FCD2F052773}"
EndProject
Project("{8BC9CEB8-8B4A-11D0-8D11-00A0C91BC942}") = "indigo_agent_imager", "indigo_drivers\agent_imager\indigo_agent_imager.vcxproj", "{EA94F382-C7AB-4D8A-8EAA-5BEB01A0D112}"
EndProject
Project("{8BC9CEB8-8B4A-11D0-8D11-00A0C91BC942}") = "indigo_agent_scripting", "indigo_drivers\agent_scripting\indigo_agent_scripting.vcxproj", "{A7C0BBE9-E5F8-43D3-ADC1-7A0C04B4A9AD}"
EndProject
Global
	GlobalSection(SolutionConfigurationPlatforms) = preSolution
		Debug|ARM64 = Debug|ARM64
		Debug|x64 = Debug|x64
		Debug|x86 = Debug|x86
		Release|ARM64 = Release|ARM64
		Release|x64 = Release|x64
		Release|x86 = Release|x86
	EndGlobalSection
	GlobalSection(ProjectConfigurationPlatforms) = postSolution
		{AA10BE9E-6416-4F58-B821-2D0E479EB81B}.Debug|ARM64.ActiveCfg = Debug|ARM64
		{AA10BE9E-6416-4F58-B821-2D0E479EB81B}.Debug|ARM64.Build.0 = Debug|ARM64
		{AA10BE9E-6416-4F58-B821-2D0E479EB81B}.Debug|x64.ActiveCfg = Debug|x64
		{AA10BE9E-6416-4F58-B821-2D0E479EB81B}.Debug|x64.Build.0 = Debug|x64
		{AA10BE9E-6416-4F58-B821-2D0E479EB81B}.Debug|x86.ActiveCfg = Debug|Win32
		{AA10BE9E-6416-4F58-B821-2D0E479EB81B}.Debug|x86.Build.0 = Debug|Win32
		{AA10BE9E-6416-4F58-B821-2D0E479EB81B}.Release|ARM64.ActiveCfg = Release|ARM64
		{AA10BE9E-6416-4F58-B821-2D0E479EB81B}.Release|ARM64.Build.0 = Release|ARM64
		{AA10BE9E-6416-4F58-B821-2D0E479EB81B}.Release|x64.ActiveCfg = Release|x64
		{AA10BE9E-6416-4F58-B821-2D0E479EB81B}.Release|x64.Build.0 = Release|x64
		{AA10BE9E-6416-4F58-B821-2D0E479EB81B}.Release|x86.ActiveCfg = Release|Win32
		{AA10BE9E-6416-4F58-B821-2D0E479EB81B}.Release|x86.Build.0 = Release|Win32
		{92C45E91-5D4C-4AD8-970C-975BA4141759}.Debug|ARM64.ActiveCfg = Debug|ARM64
		{92C45E91-5D4C-4AD8-970C-975BA4141759}.Debug|ARM64.Build.0 = Debug|ARM64
		{92C45E91-5D4C-4AD8-970C-975BA4141759}.Debug|x64.ActiveCfg = Debug|x64
		{92C45E91-5D4C-4AD8-970C-975BA4141759}.Debug|x64.Build.0 = Debug|x64
		{92C45E91-5D4C-4AD8-970C-975BA4141759}.Debug|x86.ActiveCfg = Debug|Win32
		{92C45E91-5D4C-4AD8-970C-975BA4141759}.Debug|x86.Build.0 = Debug|Win32
		{92C45E91-5D4C-4AD8-970C-975BA4141759}.Release|ARM64.ActiveCfg = Release|ARM64
		{92C45E91-5D4C-4AD8-970C-975BA4141759}.Release|ARM64.Build.0 = Release|ARM64
		{92C45E91-5D4C-4AD8-970C-975BA4141759}.Release|x64.ActiveCfg = Release|x64
		{92C45E91-5D4C-4AD8-970C-975BA4141759}.Release|x64.Build.0 = Release|x64
		{92C45E91-5D4C-4AD8-970C-975BA4141759}.Release|x86.ActiveCfg = Release|Win32
		{92C45E91-5D4C-4AD8-970C-975BA4141759}.Release|x86.Build.0 = Release|Win32
		{F2F7FD9B-918D-400F-B956-4B61DA9AC713}.Debug|ARM64.ActiveCfg = Debug|ARM64
		{F2F7FD9B-918D-400F-B956-4B61DA9AC713}.Debug|ARM64.Build.0 = Debug|ARM64
		{F2F7FD9B-918D-400F-B956-4B61DA9AC713}.Debug|x64.ActiveCfg = Debug|x64
		{F2F7FD9B-918D-400F-B956-4B61DA9AC713}.Debug|x64.Build.0 = Debug|x64
		{F2F7FD9B-918D-400F-B956-4B61DA9AC713}.Debug|x86.ActiveCfg = Debug|Win32
		{F2F7FD9B-918D-400F-B956-4B61DA9AC713}.Debug|x86.Build.0 = Debug|Win32
		{F2F7FD9B-918D-400F-B956-4B61DA9AC713}.Release|ARM64.ActiveCfg = Release|ARM64
		{F2F7FD9B-918D-400F-B956-4B61DA9AC713}.Release|ARM64.Build.0 = Release|ARM64
		{F2F7FD9B-918D-400F-B956-4B61DA9AC713}.Release|x64.ActiveCfg = Release|x64
		{F2F7FD9B-918D-400F-B956-4B61DA9AC713}.Release|x64.Build.0 = Release|x64
		{F2F7FD9B-918D-400F-B956-4B61DA9AC713}.Release|x86.ActiveCfg = Release|Win32
		{F2F7FD9B-918D-400F-B956-4B61DA9AC713}.Release|x86.Build.0 = Release|Win32
		{8FF4A248-D905-4778-BED8-7CAF85E4C6A3}.Debug|ARM64.ActiveCfg = Debug|ARM64
		{8FF4A248-D905-4778-BED8-7CAF85E4C6A3}.Debug|ARM64.Build.0 = Debug|ARM64
		{8FF4A248-D905-4778-BED8-7CAF85E4C6A3}.Debug|x64.ActiveCfg = Debug|x64
		{8FF4A248-D905-4778-BED8-7CAF85E4C6A3}.Debug|x64.Build.0 = Debug|x64
		{8FF4A248-D905-4778-BED8-7CAF85E4C6A3}.Debug|x86.ActiveCfg = Debug|Win32
		{8FF4A248-D905-4778-BED8-7CAF85E4C6A3}.Debug|x86.Build.0 = Debug|Win32
		{8FF4A248-D905-4778-BED8-7CAF85E4C6A3}.Release|ARM64.ActiveCfg = Release|ARM64
		{8FF4A248-D905-4778-BED8-7CAF85E4C6A3}.Release|ARM64.Build.0 = Release|ARM64
		{8FF4A248-D905-4778-BED8-7CAF85E4C6A3}.Release|x64.ActiveCfg = Release|x64
		{8FF4A248-D905-4778-BED8-7CAF85E4C6A3}.Release|x64.Build.0 = Release|x64
		{8FF4A248-D905-4778-BED8-7CAF85E4C6A3}.Release|x86.ActiveCfg = Release|Win32
		{8FF4A248-D905-4778-BED8-7CAF85E4C6A3}.Release|x86.Build.0 = Release|Win32
		{1555B53F-7ADE-4751-888A-3A3549E3D3D9}.Debug|ARM64.ActiveCfg = Debug|ARM64
		{1555B53F-7ADE-4751-888A-3A3549E3D3D9}.Debug|ARM64.Build.0 = Debug|ARM64
		{1555B53F-7ADE-4751-888A-3A3549E3D3D9}.Debug|x64.ActiveCfg = Debug|x64
		{1555B53F-7ADE-4751-888A-3A3549E3D3D9}.Debug|x64.Build.0 = Debug|x64
		{1555B53F-7ADE-4751-888A-3A3549E3D3D9}.Debug|x86.ActiveCfg = Debug|Win32
		{1555B53F-7ADE-4751-888A-3A3549E3D3D9}.Debug|x86.Build.0 = Debug|Win32
		{1555B53F-7ADE-4751-888A-3A3549E3D3D9}.Release|ARM64.ActiveCfg = Release|ARM64
		{1555B53F-7ADE-4751-888A-3A3549E3D3D9}.Release|ARM64.Build.0 = Release|ARM64
		{1555B53F-7ADE-4751-888A-3A3549E3D3D9}.Release|x64.ActiveCfg = Release|x64
		{1555B53F-7ADE-4751-888A-3A3549E3D3D9}.Release|x64.Build.0 = Release|x64
		{1555B53F-7ADE-4751-888A-3A3549E3D3D9}.Release|x86.ActiveCfg = Release|Win32
		{1555B53F-7ADE-4751-888A-3A3549E3D3D9}.Release|x86.Build.0 = Release|Win32
		{88BCDDEF-E256-437D-A5AD-9EF58E6752FA}.Debug|ARM64.ActiveCfg = Debug|ARM64
		{88BCDDEF-E256-437D-A5AD-9EF58E6752FA}.Debug|ARM64.Build.0 = Debug|ARM64
		{88BCDDEF-E256-437D-A5AD-9EF58E6752FA}.Debug|x64.ActiveCfg = Debug|x64
		{88BCDDEF-E256-437D-A5AD-9EF58E6752FA}.Debug|x64.Build.0 = Debug|x64
		{88BCDDEF-E256-437D-A5AD-9EF58E6752FA}.Debug|x86.ActiveCfg = Debug|Win32
		{88BCDDEF-E256-437D-A5AD-9EF58E6752FA}.Debug|x86.Build.0 = Debug|Win32
		{88BCDDEF-E256-437D-A5AD-9EF58E6752FA}.Release|ARM64.ActiveCfg = Release|ARM64
		{88BCDDEF-E256-437D-A5AD-9EF58E6752FA}.Release|ARM64.Build.0 = Release|ARM64
		{88BCDDEF-E256-437D-A5AD-9EF58E6752FA}.Release|x64.ActiveCfg = Release|x64
		{88BCDDEF-E256-437D-A5AD-9EF58E6752FA}.Release|x64.Build.0 = Release|x64
		{88BCDDEF-E256-437D-A5AD-9EF58E6752FA}.Release|x86.ActiveCfg = Release|Win32
		{88BCDDEF-E256-437D-A5AD-9EF58E6752FA}.Release|x86.Build.0 = Release|Win32
		{BED3F6C7-D374-49BB-9004-EAF521129A8C}.Debug|ARM64.ActiveCfg = Debug|ARM64
		{BED3F6C7-D374-49BB-9004-EAF521129A8C}.Debug|ARM64.Build.0 = Debug|ARM64
		{BED3F6C7-D374-49BB-9004-EAF521129A8C}.Debug|x64.ActiveCfg = Debug|x64
		{BED3F6C7-D374-49BB-9004-EAF521129A8C}.Debug|x64.Build.0 = Debug|x64
		{BED3F6C7-D374-49BB-9004-EAF521129A8C}.Debug|x86.ActiveCfg = Debug|Win32
		{BED3F6C7-D374-49BB-9004-EAF521129A8C}.Debug|x86.Build.0 = Debug|Win32
		{BED3F6C7-D374-49BB-9004-EAF521129A8C}.Release|ARM64.ActiveCfg = Release|ARM64
		{BED3F6C7-D374-49BB-9004-EAF521129A8C}.Release|ARM64.Build.0 = Release|ARM64
		{BED3F6C7-D374-49BB-9004-EAF521129A8C}.Release|x64.ActiveCfg = Release|x64
		{BED3F6C7-D374-49BB-9004-EAF521129A8C}.Release|x64.Build.0 = Release|x64
		{BED3F6C7-D374-49BB-9004-EAF521129A8C}.Release|x86.ActiveCfg = Release|Win32
		{BED3F6C7-D374-49BB-9004-EAF521129A8C}.Release|x86.Build.0 = Release|Win32
		{EE2D3F23-9A54-48C7-901C-5D71F3A7D19F}.Debug|ARM64.ActiveCfg = Debug|ARM64
		{EE2D3F23-9A54-48C7-901C-5D71F3A7D19F}.Debug|ARM64.Build.0 = Debug|ARM64
		{EE2D3F23-9A54-48C7-901C-5D71F3A7D19F}.Debug|x64.ActiveCfg = Debug|x64
		{EE2D3F23-9A54-48C7-901C-5D71F3A7D19F}.Debug|x64.Build.0 = Debug|x64
		{EE2D3F23-9A54-48C7-901C-5D71F3A7D19F}.Debug|x86.ActiveCfg = Debug|Win32
		{EE2D3F23-9A54-48C7-901C-5D71F3A7D19F}.Debug|x86.Build.0 = Debug|Win32
		{EE2D3F23-9A54-48C7-901C-5D71F3A7D19F}.Release|ARM64.ActiveCfg = Release|ARM64
		{EE2D3F23-9A54-48C7-901C-5D71F3A7D19F}.Release|ARM64.Build.0 = Release|ARM64
		{EE2D3F23-9A54-48C7-901C-5D71F3A7D19F}.Release|x64.ActiveCfg = Release|x64
		{EE2D3F23-9A54-48C7-901C-5D71F3A7D19F}.Release|x64.Build.0 = Release|x64
		{EE2D3F23-9A54-48C7-901C-5D71F3A7D19F}.Release|x86.ActiveCfg = Release|Win32
		{EE2D3F23-9A54-48C7-901C-5D71F3A7D19F}.Release|x86.Build.0 = Release|Win32
		{D7058517-71DF-4F6B-865D-6038B2D6085C}.Debug|ARM64.ActiveCfg = Debug|ARM64
		{D7058517-71DF-4F6B-865D-6038B2D6085C}.Debug|ARM64.Build.0 = Debug|ARM64
		{D7058517-71DF-4F6B-865D-6038B2D6085C}.Debug|x64.ActiveCfg = Debug|x64
		{D7058517-71DF-4F6B-865D-6038B2D6085C}.Debug|x64.Build.0 = Debug|x64
		{D7058517-71DF-4F6B-865D-6038B2D6085C}.Debug|x86.ActiveCfg = Debug|Win32
		{D7058517-71DF-4F6B-865D-6038B2D6085C}.Debug|x86.Build.0 = Debug|Win32
		{D7058517-71DF-4F6B-865D-6038B2D6085C}.Release|ARM64.ActiveCfg = Release|ARM64
		{D7058517-71DF-4F6B-865D-6038B2D6085C}.Release|ARM64.Build.0 = Release|ARM64
		{D7058517-71DF-4F6B-865D-6038B2D6085C}.Release|x64.ActiveCfg = Release|x64
		{D7058517-71DF-4F6B-865D-6038B2D6085C}.Release|x64.Build.0 = Release|x64
		{D7058517-71DF-4F6B-865D-6038B2D6085C}.Release|x86.ActiveCfg = Release|Win32
		{D7058517-71DF-4F6B-865D-6038B2D6085C}.Release|x86.Build.0 = Release|Win32
		{5F021221-5611-4173-9AF4-87B43FD3E3A5}.Debug|ARM64.ActiveCfg = Debug|ARM64
		{5F021221-5611-4173-9AF4-87B43FD3E3A5}.Debug|ARM64.Build.0 = Debug|ARM64
		{5F021221-5611-4173-9AF4-87B43FD3E3A5}.Debug|x64.ActiveCfg = Debug|x64
		{5F021221-5611-4173-9AF4-87B43FD3E3A5}.Debug|x64.Build.0 = Debug|x64
		{5F021221-5611-4173-9AF4-87B43FD3E3A5}.Debug|x86.ActiveCfg = Debug|Win32
		{5F021221-5611-4173-9AF4-87B43FD3E3A5}.Debug|x86.Build.0 = Debug|Win32
		{5F021221-5611-4173-9AF4-87B43FD3E3A5}.Release|ARM64.ActiveCfg = Release|ARM64
		{5F021221-5611-4173-9AF4-87B43FD3E3A5}.Release|ARM64.Build.0 = Release|ARM64
		{5F021221-5611-4173-9AF4-87B43FD3E3A5}.Release|x64.ActiveCfg = Release|x64
		{5F021221-5611-4173-9AF4-87B43FD3E3A5}.Release|x64.Build.0 = Release|x64
		{5F021221-5611-4173-9AF4-87B43FD3E3A5}.Release|x86.ActiveCfg = Release|Win32
		{5F021221-5611-4173-9AF4-87B43FD3E3A5}.Release|x86.Build.0 = Release|Win32
		{619339BE-BFCC-41FE-B258-EA9DB15CB26C}.Debug|ARM64.ActiveCfg = Debug|ARM64
		{619339BE-BFCC-41FE-B258-EA9DB15CB26C}.Debug|ARM64.Build.0 = Debug|ARM64
		{619339BE-BFCC-41FE-B258-EA9DB15CB26C}.Debug|x64.ActiveCfg = Debug|x64
		{619339BE-BFCC-41FE-B258-EA9DB15CB26C}.Debug|x64.Build.0 = Debug|x64
		{619339BE-BFCC-41FE-B258-EA9DB15CB26C}.Debug|x86.ActiveCfg = Debug|Win32
		{619339BE-BFCC-41FE-B258-EA9DB15CB26C}.Debug|x86.Build.0 = Debug|Win32
		{619339BE-BFCC-41FE-B258-EA9DB15CB26C}.Release|ARM64.ActiveCfg = Release|ARM64
		{619339BE-BFCC-41FE-B258-EA9DB15CB26C}.Release|ARM64.Build.0 = Release|ARM64
		{619339BE-BFCC-41FE-B258-EA9DB15CB26C}.Release|x64.ActiveCfg = Release|x64
		{619339BE-BFCC-41FE-B258-EA9DB15CB26C}.Release|x64.Build.0 = Release|x64
		{619339BE-BFCC-41FE-B258-EA9DB15CB26C}.Release|x86.ActiveCfg = Release|Win32
		{619339BE-BFCC-41FE-B258-EA9DB15CB26C}.Release|x86.Build.0 = Release|Win32
		{5D9B3665-D3AA-45A0-9B78-4FCD2F052773}.Debug|ARM64.ActiveCfg = Debug|ARM64
		{5D9B3665-D3AA-45A0-9B78-4FCD2F052773}.Debug|ARM64.Build.0 = Debug|ARM64
		{5D9B3665-D3AA-45A0-9B78-4FCD2F052773}.Debug|x64.ActiveCfg = Debug|x64
		{5D9B3665-D3AA-45A0-9B78-4FCD2F052773}.Debug|x64.Build.0 = Debug|x64
		{5D9B3665-D3AA-45A0-9B78-4FCD2F052773}.Debug|x86.ActiveCfg = Debug|Win32
		{5D9B3665-D3AA-45A0-9B78-4FCD2F052773}.Debug|x86.Build.0 = Debug|Win32
		{5D9B3665-D3AA-45A0-9B78-4FCD2F052773}.Release|ARM64.ActiveCfg = Release|ARM64
		{5D9B3665-D3AA-45A0-9B78-4FCD2F052773}.Release|ARM64.Build.0 = Release|ARM64
		{5D9B3665-D3AA-45A0-9B78-4FCD2F052773}.Release|x64.ActiveCfg = Release|x64
		{5D9B3665-D3AA-45A0-9B78-4FCD2F052773}.Release|x64.Build.0 = Release|x64
		{5D9B3665-D3AA-45A0-9B78-4FCD2F052773}.Release|x86.ActiveCfg = Release|Win32
		{5D9B3665-D3AA-45A0-9B78-4FCD2F052773}.Release|x86.Build.0 = Release|Win32
		{EA94F382-C7AB-4D8A-8EAA-5BEB01A0D112}.Debug|ARM64.ActiveCfg = Debug|ARM64
		{EA94F382-C7AB-4D8A-8EAA-5BEB01A0D112}.Debug|ARM64.Build.0 = Debug|ARM64
		{EA94F382-C7AB-4D8A-8EAA-5BEB01A0D112}.Debug|x64.ActiveCfg = Debug|x64
		{EA94F382-C7AB-4D8A-8EAA-5BEB01A0D112}.Debug|x64.Build.0 = Debug|x64
		{EA94F382-C7AB-4D8A-8EAA-5BEB01A0D112}.Debug|x86.ActiveCfg = Debug|Win32
		{EA94F382-C7AB-4D8A-8EAA-5BEB01A0D112}.Debug|x86.Build.0 = Debug|Win32
		{EA94F382-C7AB-4D8A-8EAA-5BEB01A0D112}.Release|ARM64.ActiveCfg = Release|ARM64
		{EA94F382-C7AB-4D8A-8EAA-5BEB01A0D112}.Release|ARM64.Build.0 = Release|ARM64
		{EA94F382-C7AB-4D8A-8EAA-5BEB01A0D112}.Release|x64.ActiveCfg = Release|x64
		{EA94F382-C7AB-4D8A-8EAA-5BEB01A0D112}.Release|x64.Build.0 = Release|x64
		{EA94F382-C7AB-4D8A-8EAA-5BEB01A0D112}.Release|x86.ActiveCfg = Release|Win32
		{EA94F382-C7AB-4D8A-8EAA-5BEB01A0D112}.Release|x86.Build.0 = Release|Win32
		{A7C0BBE9-E5F8-43D3-ADC1-7A0C04B4A9AD}.Debug|ARM64.ActiveCfg = Debug|ARM64
		{A7C0BBE9-E5F8-43D3-ADC1-7A0C04B4A9AD}.Debug|ARM64.Build.0 = Debug|ARM64
		{A7C0BBE9-E5F8-43D3-ADC1-7A0C04B4A9AD}.Debug|x64.ActiveCfg = Debug|x64
		{A7C0BBE9-E5F8-43D3-ADC1-7A0C04B4A9AD}.Debug|x64.Build.0 = Debug|x64
		{A7C0BBE9-E5F8-43D3-ADC1-7A0C04B4A9AD}.Debug|x86.ActiveCfg = Debug|Win32
		{A7C0BBE9-E5F8-43D3-ADC1-7A0C04B4A9AD}.Debug|x86.Build.0 = Debug|Win32
		{A7C0BBE9-E5F8-43D3-ADC1-7A0C04B4A9AD}.Release|ARM64.ActiveCfg = Release|ARM64
		{A7C0BBE9-E5F8-43D3-ADC1-7A0C04B4A9AD}.Release|ARM64.Build.0 = Release|ARM64
		{A7C0BBE9-E5F8-43D3-ADC1-7A0C04B4A9AD}.Release|x64.ActiveCfg = Release|x64
		{A7C0BBE9-E5F8-43D3-ADC1-7A0C04B4A9AD}.Release|x64.Build.0 = Release|x64
		{A7C0BBE9-E5F8-43D3-ADC1-7A0C04B4A9AD}.Release|x86.ActiveCfg = Release|Win32
		{A7C0BBE9-E5F8-43D3-ADC1-7A0C04B4A9AD}.Release|x86.Build.0 = Release|Win32
	EndGlobalSection
	GlobalSection(SolutionProperties) = preSolution
		HideSolutionNode = FALSE
	EndGlobalSection
	GlobalSection(ExtensibilityGlobals) = postSolution
		SolutionGuid = {38CF9F55-BBAC-4DA9-81C7-3E2383588D97}
	EndGlobalSection
EndGlobal
