Microsoft Visual Studio Solution File, Format Version 12.00
# Visual Studio Version 17
VisualStudioVersion = 17.12.35707.178
MinimumVisualStudioVersion = 10.0.40219.1
Project("{8BC9CEB8-8B4A-11D0-8D11-00A0C91BC942}") = "indigo", "indigo_libs\indigo.vcxproj", "{AA10BE9E-6416-4F58-B821-2D0E479EB81B}"
EndProject
Project("{8BC9CEB8-8B4A-11D0-8D11-00A0C91BC942}") = "indigo_server", "indigo_server\indigo_server.vcxproj", "{92C45E91-5D4C-4AD8-970C-975BA4141759}"
EndProject
Project("{8BC9CEB8-8B4A-11D0-8D11-00A0C91BC942}") = "indigo_gps_simulator", "indigo_drivers\gps_simulator\indigo_gps_simulator.vcxproj", "{F2F7FD9B-918D-400F-B956-4B61DA9AC713}"
EndProject
Project("{8BC9CEB8-8B4A-11D0-8D11-00A0C91BC942}") = "indigo_mount_simulator", "indigo_drivers\mount_simulator\indigo_mount_simulator.vcxproj", "{8FF4A248-D905-4778-BED8-7CAF85E4C6A3}"
EndProject
Project("{8BC9CEB8-8B4A-11D0-8D11-00A0C91BC942}") = "indigo_ccd_simulator", "indigo_drivers\ccd_simulator\indigo_ccd_simulator.vcxproj", "{1555B53F-7ADE-4751-888A-3A3549E3D3D9}"
EndProject
Project("{8BC9CEB8-8B4A-11D0-8D11-00A0C91BC942}") = "indigo_rotator_simulator", "indigo_drivers\rotator_simulator\indigo_rotator_simulator.vcxproj", "{88BCDDEF-E256-437D-A5AD-9EF58E6752FA}"
EndProject
Project("{8BC9CEB8-8B4A-11D0-8D11-00A0C91BC942}") = "indigo_dome_simulator", "indigo_drivers\dome_simulator\indigo_dome_simulator.vcxproj", "{BED3F6C7-D374-49BB-9004-EAF521129A8C}"
EndProject
Project("{8BC9CEB8-8B4A-11D0-8D11-00A0C91BC942}") = "make_indigo_drivers", "indigo_windows\make_indigo_drivers\make_indigo_drivers.vcxproj", "{EE2D3F23-9A54-48C7-901C-5D71F3A7D19F}"
EndProject
Project("{8BC9CEB8-8B4A-11D0-8D11-00A0C91BC942}") = "indigo_agent_mount", "indigo_drivers\agent_mount\indigo_agent_mount.vcxproj", "{D7058517-71DF-4F6B-865D-6038B2D6085C}"
EndProject
Project("{8BC9CEB8-8B4A-11D0-8D11-00A0C91BC942}") = "indigo_agent_auxiliary", "indigo_drivers\agent_auxiliary\indigo_agent_auxiliary.vcxproj", "{5F021221-5611-4173-9AF4-87B43FD3E3A5}"
EndProject
Project("{8BC9CEB8-8B4A-11D0-8D11-00A0C91BC942}") = "indigo_agent_config", "indigo_drivers\agent_config\indigo_agent_config.vcxproj", "{619339BE-BFCC-41FE-B258-EA9DB15CB26C}"
EndProject
Project("{8BC9CEB8-8B4A-11D0-8D11-00A0C91BC942}") = "indigo_agent_guider", "indigo_drivers\agent_guider\indigo_agent_guider.vcxproj", "{5D9B3665-D3AA-45A0-9B78-4FCD2F052773}"
EndProject
Project("{8BC9CEB8-8B4A-11D0-8D11-00A0C91BC942}") = "indigo_agent_imager", "indigo_drivers\agent_imager\indigo_agent_imager.vcxproj", "{EA94F382-C7AB-4D8A-8EAA-5BEB01A0D112}"
EndProject
Project("{8BC9CEB8-8B4A-11D0-8D11-00A0C91BC942}") = "indigo_agent_scripting", "indigo_drivers\agent_scripting\indigo_agent_scripting.vcxproj", "{A7C0BBE9-E5F8-43D3-ADC1-7A0C04B4A9AD}"
EndProject
Project("{8BC9CEB8-8B4A-11D0-8D11-00A0C91BC942}") = "indigo_ccd_sx", "indigo_drivers\ccd_sx\indigo_ccd_sx.vcxproj", "{FE4C6F8B-8358-404E-9B8B-422D2005BDD0}"
EndProject
Project("{8BC9CEB8-8B4A-11D0-8D11-00A0C91BC942}") = "indigo_ccd_atik", "indigo_drivers\ccd_atik\indigo_ccd_atik.vcxproj", "{81A0B228-0FAB-45FC-B890-EFE29D722B64}"
EndProject
Project("{8BC9CEB8-8B4A-11D0-8D11-00A0C91BC942}") = "indigo_ao_sx", "indigo_drivers\ao_sx\indigo_ao_sx.vcxproj", "{96D12488-1B9B-4CAD-B128-86ED0CDE5DBE}"
EndProject
Project("{8BC9CEB8-8B4A-11D0-8D11-00A0C91BC942}") = "indigo_ccd_touptek", "indigo_drivers\ccd_touptek\indigo_ccd_touptek.vcxproj", "{EA4A6814-7826-40BB-8F43-DCACE07FC586}"
EndProject
Project("{8BC9CEB8-8B4A-11D0-8D11-00A0C91BC942}") = "indigo_ccd_altair", "indigo_drivers\ccd_altair\indigo_ccd_altair.vcxproj", "{72E231D8-8732-41C6-A813-BF061FD9083D}"
EndProject
Project("{8BC9CEB8-8B4A-11D0-8D11-00A0C91BC942}") = "indigo_ccd_bresser", "indigo_drivers\ccd_bresser\indigo_ccd_bresser.vcxproj", "{028C4593-58B9-4523-AF0A-F5AC7D4FBA13}"
EndProject
Project("{8BC9CEB8-8B4A-11D0-8D11-00A0C91BC942}") = "indigo_ccd_mallin", "indigo_drivers\ccd_mallin\indigo_ccd_mallin.vcxproj", "{B3A3B858-0016-43F5-B4D2-703289885B5B}"
EndProject
Project("{8BC9CEB8-8B4A-11D0-8D11-00A0C91BC942}") = "indigo_ccd_rising", "indigo_drivers\ccd_rising\indigo_ccd_rising.vcxproj", "{AD38F44E-9B0A-4003-B654-393DE71DFED7}"
EndProject
Project("{8BC9CEB8-8B4A-11D0-8D11-00A0C91BC942}") = "indigo_ccd_ogma", "indigo_drivers\ccd_ogma\indigo_ccd_ogma.vcxproj", "{8DD6949A-DCAB-4DD2-8C81-CF3F82A654C8}"
EndProject
Project("{8BC9CEB8-8B4A-11D0-8D11-00A0C91BC942}") = "indigo_ccd_omegonpro", "indigo_drivers\ccd_omegonpro\indigo_ccd_omegonpro.vcxproj", "{F10EE54D-FA61-46DB-9586-EFB35C735209}"
EndProject
Project("{8BC9CEB8-8B4A-11D0-8D11-00A0C91BC942}") = "indigo_ccd_ssg", "indigo_drivers\ccd_ssg\indigo_ccd_ssg.vcxproj", "{2EC31342-35CD-4620-96FE-A37342685AC1}"
EndProject
Project("{8BC9CEB8-8B4A-11D0-8D11-00A0C91BC942}") = "indigo_ccd_asi", "indigo_drivers\ccd_asi\indigo_ccd_asi.vcxproj", "{89C15051-7B4E-41C7-B1F1-37B33199F347}"
EndProject
Project("{8BC9CEB8-8B4A-11D0-8D11-00A0C91BC942}") = "indigo_wheel_asi", "indigo_drivers\wheel_asi\indigo_wheel_asi.vcxproj", "{60BC6DFB-7773-4865-B9CD-933816CB234E}"
EndProject
Project("{8BC9CEB8-8B4A-11D0-8D11-00A0C91BC942}") = "indigo_focuser_asi", "indigo_drivers\focuser_asi\indigo_focuser_asi.vcxproj", "{6E012146-7BE8-4567-860B-C11515B7A287}"
EndProject
Project("{8BC9CEB8-8B4A-11D0-8D11-00A0C91BC942}") = "indigo_ccd_playerone", "indigo_drivers\ccd_playerone\indigo_ccd_playerone.vcxproj", "{ADD5495D-88FD-473C-83AF-934B358608EA}"
EndProject
Project("{8BC9CEB8-8B4A-11D0-8D11-00A0C91BC942}") = "indigo_wheel_playerone", "indigo_drivers\wheel_playerone\indigo_wheel_playerone.vcxproj", "{44F16A32-7552-4113-93A0-FBF9537DC783}"
EndProject
Project("{8BC9CEB8-8B4A-11D0-8D11-00A0C91BC942}") = "indigo_wheel_astroasis", "indigo_drivers\wheel_astroasis\indigo_wheel_astroasis.vcxproj", "{AE6D9352-9C40-4A7F-88F3-7343003F7CD6}"
EndProject
Project("{8BC9CEB8-8B4A-11D0-8D11-00A0C91BC942}") = "indigo_focuser_astroasis", "indigo_drivers\focuser_astroasis\indigo_focuser_astroasis.vcxproj", "{255A446F-C41E-4846-95D2-398422D68025}"
EndProject
Project("{8BC9CEB8-8B4A-11D0-8D11-00A0C91BC942}") = "indigo_aux_ppb", "indigo_drivers\aux_ppb\indigo_aux_ppb.vcxproj", "{F6B5C900-07CE-4D6B-A39A-3B9EA3B01486}"
EndProject
Project("{8BC9CEB8-8B4A-11D0-8D11-00A0C91BC942}") = "indigo_aux_upb", "indigo_drivers\aux_upb\indigo_aux_upb.vcxproj", "{0955B910-1425-4589-91FA-33B6CBA63FA6}"
EndProject
Project("{8BC9CEB8-8B4A-11D0-8D11-00A0C91BC942}") = "indigo_aux_astromechanics", "indigo_drivers\aux_astromechanics\indigo_aux_astromechanics.vcxproj", "{F0F408A1-E902-4D89-B65A-DA709F06AFA7}"
EndProject
Project("{8BC9CEB8-8B4A-11D0-8D11-00A0C91BC942}") = "indigo_aux_arteskyflat", "indigo_drivers\aux_arteskyflat\indigo_aux_arteskyflat.vcxproj", "{420C4D15-9009-4D5A-977B-A098B3AA735D}"
EndProject
Project("{8BC9CEB8-8B4A-11D0-8D11-00A0C91BC942}") = "indigo_aux_fbc", "indigo_drivers\aux_fbc\indigo_aux_fbc.vcxproj", "{F27F54E7-3508-4F54-89EE-30B3E6D0F41A}"
EndProject
Project("{8BC9CEB8-8B4A-11D0-8D11-00A0C91BC942}") = "indigo_aux_flatmaster", "indigo_drivers\aux_flatmaster\indigo_aux_flatmaster.vcxproj", "{C0733C8E-B8CD-4112-8658-C69F48D874B0}"
EndProject
Project("{8BC9CEB8-8B4A-11D0-8D11-00A0C91BC942}") = "indigo_aux_flipflat", "indigo_drivers\aux_flipflat\indigo_aux_flipflat.vcxproj", "{958FEABF-5888-4F4D-8116-FD3454CA4953}"
EndProject
Project("{8BC9CEB8-8B4A-11D0-8D11-00A0C91BC942}") = "indigo_aux_rts", "indigo_drivers\aux_rts\indigo_aux_rts.vcxproj", "{EAF171CF-5F71-4230-A709-2C7F3BA8C25B}"
EndProject
Project("{8BC9CEB8-8B4A-11D0-8D11-00A0C91BC942}") = "indigo_aux_skyalert", "indigo_drivers\aux_skyalert\indigo_aux_skyalert.vcxproj", "{21AE094D-56C6-4F38-9DC6-FCA76B3DC516}"
EndProject
Project("{8BC9CEB8-8B4A-11D0-8D11-00A0C91BC942}") = "indigo_agent_alpaca", "indigo_drivers\agent_alpaca\indigo_agent_alpaca.vcxproj", "{9D858526-AC14-45A3-A8E4-F0945DC9B21F}"
EndProject
Project("{8BC9CEB8-8B4A-11D0-8D11-00A0C91BC942}") = "indigo_aux_geoptikflat", "indigo_drivers\aux_geoptikflat\indigo_aux_geoptikflat.vcxproj", "{E6EDD577-8378-4A16-B4B1-11384DC146DB}"
EndProject
Project("{8BC9CEB8-8B4A-11D0-8D11-00A0C91BC942}") = "indigo_aux_mgbox", "indigo_drivers\aux_mgbox\indigo_aux_mgbox.vcxproj", "{CFDBA0F3-022C-44DE-B23B-372D90062965}"
EndProject
Project("{8BC9CEB8-8B4A-11D0-8D11-00A0C91BC942}") = "indigo_aux_sqm", "indigo_drivers\aux_sqm\indigo_aux_sqm.vcxproj", "{1194C633-E067-4FC2-B480-261B01631725}"
EndProject
Project("{8BC9CEB8-8B4A-11D0-8D11-00A0C91BC942}") = "indigo_aux_uch", "indigo_drivers\aux_uch\indigo_aux_uch.vcxproj", "{78ED976B-8D12-43EB-9C73-3951C0FAF73F}"
EndProject
Project("{8BC9CEB8-8B4A-11D0-8D11-00A0C91BC942}") = "indigo_aux_upb3", "indigo_drivers\aux_upb3\indigo_aux_upb3.vcxproj", "{7037FEB0-4408-41E2-B59F-0EE192152993}"
EndProject
Project("{8BC9CEB8-8B4A-11D0-8D11-00A0C91BC942}") = "indigo_aux_usbdp", "indigo_drivers\aux_usbdp\indigo_aux_usbdp.vcxproj", "{D9FF580C-3DEE-44A3-B133-CD246A46403D}"
EndProject
Project("{8BC9CEB8-8B4A-11D0-8D11-00A0C91BC942}") = "indigo_aux_wbplusv3", "indigo_drivers\aux_wbplusv3\indigo_aux_wbplusv3.vcxproj", "{D9BDB240-4C75-4A37-9902-8B99662E2E4A}"
EndProject
Project("{8BC9CEB8-8B4A-11D0-8D11-00A0C91BC942}") = "indigo_aux_wbprov3", "indigo_drivers\aux_wbprov3\indigo_aux_wbprov3.vcxproj", "{84A7DCAC-2F26-4483-9426-FF321598A7CE}"
EndProject
Project("{8BC9CEB8-8B4A-11D0-8D11-00A0C91BC942}") = "indigo_aux_wcv4ec", "indigo_drivers\aux_wcv4ec\indigo_aux_wcv4ec.vcxproj", "{7480E4F5-0BFE-4B76-9A6D-C6B0251EEC19}"
EndProject
Project("{8BC9CEB8-8B4A-11D0-8D11-00A0C91BC942}") = "libfli", "indigo_drivers\ccd_fli\externals\libfli-1.999.1-180223\windows\libfli.vcxproj", "{EF4B8A79-8ACA-4B90-A36C-BA3E2E727535}"
EndProject
Project("{8BC9CEB8-8B4A-11D0-8D11-00A0C91BC942}") = "indigo_ccd_fli", "indigo_drivers\ccd_fli\indigo_ccd_fli.vcxproj", "{612227FD-DE31-43DB-9C7C-69DA003D9265}"
EndProject
Project("{8BC9CEB8-8B4A-11D0-8D11-00A0C91BC942}") = "indigo_focuser_fli", "indigo_drivers\focuser_fli\indigo_focuser_fli.vcxproj", "{3AC3F27F-8763-4533-A948-43373E5DEEF9}"
EndProject
Project("{8BC9CEB8-8B4A-11D0-8D11-00A0C91BC942}") = "indigo_wheel_fli", "indigo_drivers\wheel_fli\indigo_wheel_fli.vcxproj", "{B2060A29-C06D-4B00-9BAD-8442BDCF31B6}"
EndProject
Project("{8BC9CEB8-8B4A-11D0-8D11-00A0C91BC942}") = "indigo_gps_nmea", "indigo_drivers\gps_nmea\indigo_gps_nmea.vcxproj", "{A2C83E5F-7089-4217-B4E3-FD60FEE14645}"
EndProject
Project("{8BC9CEB8-8B4A-11D0-8D11-00A0C91BC942}") = "indigo_ccd_qhy2", "indigo_drivers\ccd_qhy2\indigo_ccd_qhy2.vcxproj", "{92188D54-FE2C-4BA6-BCC2-9A473E73FBE5}"
EndProject
Project("{8BC9CEB8-8B4A-11D0-8D11-00A0C91BC942}") = "indigo_ccd_ssag", "indigo_drivers\ccd_ssag\indigo_ccd_ssag.vcxproj", "{146EC52D-EE47-4A7D-88B4-1F0054FB50F2}"
EndProject
Project("{8BC9CEB8-8B4A-11D0-8D11-00A0C91BC942}") = "indigo_ccd_dsi", "indigo_drivers\ccd_dsi\indigo_ccd_dsi.vcxproj", "{AEF790A2-BEB0-4C40-90AF-24A40E583F75}"
EndProject
Project("{8BC9CEB8-8B4A-11D0-8D11-00A0C91BC942}") = "indigo_wheel_indigo", "indigo_drivers\wheel_indigo\indigo_wheel_indigo.vcxproj", "{2103CF27-9E6C-4A04-AD34-0116EC9F5D08}"
EndProject
Project("{8BC9CEB8-8B4A-11D0-8D11-00A0C91BC942}") = "indigo_wheel_manual", "indigo_drivers\wheel_manual\indigo_wheel_manual.vcxproj", "{B0C449BD-EAE9-4ADE-A3C7-349086D15CE2}"
EndProject
Project("{8BC9CEB8-8B4A-11D0-8D11-00A0C91BC942}") = "indigo_wheel_optec", "indigo_drivers\wheel_optec\indigo_wheel_optec.vcxproj", "{209D5A91-D11F-433A-89CB-FE3FFC78FDBD}"
EndProject
Project("{8BC9CEB8-8B4A-11D0-8D11-00A0C91BC942}") = "indigo_rotator_falcon", "indigo_drivers\rotator_falcon\indigo_rotator_falcon.vcxproj", "{827BB928-02BF-4DF7-9C0F-4E141DEC7406}"
EndProject
Project("{8BC9CEB8-8B4A-11D0-8D11-00A0C91BC942}") = "indigo_wheel_xagyl", "indigo_drivers\wheel_xagyl\indigo_wheel_xagyl.vcxproj", "{8D2E5B8C-CE39-4F58-A75D-A836B5AF20EB}"
EndProject
Project("{8BC9CEB8-8B4A-11D0-8D11-00A0C91BC942}") = "indigo_wheel_trutek", "indigo_drivers\wheel_trutek\indigo_wheel_trutek.vcxproj", "{448D3540-28F1-4DEF-98DD-0B4BE29D1F70}"
EndProject
Global
	GlobalSection(SolutionConfigurationPlatforms) = preSolution
		Debug|x64 = Debug|x64
		Debug|x86 = Debug|x86
		Release|x64 = Release|x64
		Release|x86 = Release|x86
	EndGlobalSection
	GlobalSection(ProjectConfigurationPlatforms) = postSolution
		{AA10BE9E-6416-4F58-B821-2D0E479EB81B}.Debug|x64.ActiveCfg = Debug|x64
		{AA10BE9E-6416-4F58-B821-2D0E479EB81B}.Debug|x64.Build.0 = Debug|x64
		{AA10BE9E-6416-4F58-B821-2D0E479EB81B}.Debug|x86.ActiveCfg = Debug|Win32
		{AA10BE9E-6416-4F58-B821-2D0E479EB81B}.Debug|x86.Build.0 = Debug|Win32
		{AA10BE9E-6416-4F58-B821-2D0E479EB81B}.Release|x64.ActiveCfg = Release|x64
		{AA10BE9E-6416-4F58-B821-2D0E479EB81B}.Release|x64.Build.0 = Release|x64
		{AA10BE9E-6416-4F58-B821-2D0E479EB81B}.Release|x86.ActiveCfg = Release|Win32
		{AA10BE9E-6416-4F58-B821-2D0E479EB81B}.Release|x86.Build.0 = Release|Win32
		{92C45E91-5D4C-4AD8-970C-975BA4141759}.Debug|x64.ActiveCfg = Debug|x64
		{92C45E91-5D4C-4AD8-970C-975BA4141759}.Debug|x64.Build.0 = Debug|x64
		{92C45E91-5D4C-4AD8-970C-975BA4141759}.Debug|x86.ActiveCfg = Debug|Win32
		{92C45E91-5D4C-4AD8-970C-975BA4141759}.Debug|x86.Build.0 = Debug|Win32
		{92C45E91-5D4C-4AD8-970C-975BA4141759}.Release|x64.ActiveCfg = Release|x64
		{92C45E91-5D4C-4AD8-970C-975BA4141759}.Release|x64.Build.0 = Release|x64
		{92C45E91-5D4C-4AD8-970C-975BA4141759}.Release|x86.ActiveCfg = Release|Win32
		{92C45E91-5D4C-4AD8-970C-975BA4141759}.Release|x86.Build.0 = Release|Win32
		{F2F7FD9B-918D-400F-B956-4B61DA9AC713}.Debug|x64.ActiveCfg = Debug|x64
		{F2F7FD9B-918D-400F-B956-4B61DA9AC713}.Debug|x64.Build.0 = Debug|x64
		{F2F7FD9B-918D-400F-B956-4B61DA9AC713}.Debug|x86.ActiveCfg = Debug|Win32
		{F2F7FD9B-918D-400F-B956-4B61DA9AC713}.Debug|x86.Build.0 = Debug|Win32
		{F2F7FD9B-918D-400F-B956-4B61DA9AC713}.Release|x64.ActiveCfg = Release|x64
		{F2F7FD9B-918D-400F-B956-4B61DA9AC713}.Release|x64.Build.0 = Release|x64
		{F2F7FD9B-918D-400F-B956-4B61DA9AC713}.Release|x86.ActiveCfg = Release|Win32
		{F2F7FD9B-918D-400F-B956-4B61DA9AC713}.Release|x86.Build.0 = Release|Win32
		{8FF4A248-D905-4778-BED8-7CAF85E4C6A3}.Debug|x64.ActiveCfg = Debug|x64
		{8FF4A248-D905-4778-BED8-7CAF85E4C6A3}.Debug|x64.Build.0 = Debug|x64
		{8FF4A248-D905-4778-BED8-7CAF85E4C6A3}.Debug|x86.ActiveCfg = Debug|Win32
		{8FF4A248-D905-4778-BED8-7CAF85E4C6A3}.Debug|x86.Build.0 = Debug|Win32
		{8FF4A248-D905-4778-BED8-7CAF85E4C6A3}.Release|x64.ActiveCfg = Release|x64
		{8FF4A248-D905-4778-BED8-7CAF85E4C6A3}.Release|x64.Build.0 = Release|x64
		{8FF4A248-D905-4778-BED8-7CAF85E4C6A3}.Release|x86.ActiveCfg = Release|Win32
		{8FF4A248-D905-4778-BED8-7CAF85E4C6A3}.Release|x86.Build.0 = Release|Win32
		{1555B53F-7ADE-4751-888A-3A3549E3D3D9}.Debug|x64.ActiveCfg = Debug|x64
		{1555B53F-7ADE-4751-888A-3A3549E3D3D9}.Debug|x64.Build.0 = Debug|x64
		{1555B53F-7ADE-4751-888A-3A3549E3D3D9}.Debug|x86.ActiveCfg = Debug|Win32
		{1555B53F-7ADE-4751-888A-3A3549E3D3D9}.Debug|x86.Build.0 = Debug|Win32
		{1555B53F-7ADE-4751-888A-3A3549E3D3D9}.Release|x64.ActiveCfg = Release|x64
		{1555B53F-7ADE-4751-888A-3A3549E3D3D9}.Release|x64.Build.0 = Release|x64
		{1555B53F-7ADE-4751-888A-3A3549E3D3D9}.Release|x86.ActiveCfg = Release|Win32
		{1555B53F-7ADE-4751-888A-3A3549E3D3D9}.Release|x86.Build.0 = Release|Win32
		{88BCDDEF-E256-437D-A5AD-9EF58E6752FA}.Debug|x64.ActiveCfg = Debug|x64
		{88BCDDEF-E256-437D-A5AD-9EF58E6752FA}.Debug|x64.Build.0 = Debug|x64
		{88BCDDEF-E256-437D-A5AD-9EF58E6752FA}.Debug|x86.ActiveCfg = Debug|Win32
		{88BCDDEF-E256-437D-A5AD-9EF58E6752FA}.Debug|x86.Build.0 = Debug|Win32
		{88BCDDEF-E256-437D-A5AD-9EF58E6752FA}.Release|x64.ActiveCfg = Release|x64
		{88BCDDEF-E256-437D-A5AD-9EF58E6752FA}.Release|x64.Build.0 = Release|x64
		{88BCDDEF-E256-437D-A5AD-9EF58E6752FA}.Release|x86.ActiveCfg = Release|Win32
		{88BCDDEF-E256-437D-A5AD-9EF58E6752FA}.Release|x86.Build.0 = Release|Win32
		{BED3F6C7-D374-49BB-9004-EAF521129A8C}.Debug|x64.ActiveCfg = Debug|x64
		{BED3F6C7-D374-49BB-9004-EAF521129A8C}.Debug|x64.Build.0 = Debug|x64
		{BED3F6C7-D374-49BB-9004-EAF521129A8C}.Debug|x86.ActiveCfg = Debug|Win32
		{BED3F6C7-D374-49BB-9004-EAF521129A8C}.Debug|x86.Build.0 = Debug|Win32
		{BED3F6C7-D374-49BB-9004-EAF521129A8C}.Release|x64.ActiveCfg = Release|x64
		{BED3F6C7-D374-49BB-9004-EAF521129A8C}.Release|x64.Build.0 = Release|x64
		{BED3F6C7-D374-49BB-9004-EAF521129A8C}.Release|x86.ActiveCfg = Release|Win32
		{BED3F6C7-D374-49BB-9004-EAF521129A8C}.Release|x86.Build.0 = Release|Win32
		{EE2D3F23-9A54-48C7-901C-5D71F3A7D19F}.Debug|x64.ActiveCfg = Debug|x64
		{EE2D3F23-9A54-48C7-901C-5D71F3A7D19F}.Debug|x64.Build.0 = Debug|x64
		{EE2D3F23-9A54-48C7-901C-5D71F3A7D19F}.Debug|x86.ActiveCfg = Debug|Win32
		{EE2D3F23-9A54-48C7-901C-5D71F3A7D19F}.Debug|x86.Build.0 = Debug|Win32
		{EE2D3F23-9A54-48C7-901C-5D71F3A7D19F}.Release|x64.ActiveCfg = Release|x64
		{EE2D3F23-9A54-48C7-901C-5D71F3A7D19F}.Release|x64.Build.0 = Release|x64
		{EE2D3F23-9A54-48C7-901C-5D71F3A7D19F}.Release|x86.ActiveCfg = Release|Win32
		{EE2D3F23-9A54-48C7-901C-5D71F3A7D19F}.Release|x86.Build.0 = Release|Win32
		{D7058517-71DF-4F6B-865D-6038B2D6085C}.Debug|x64.ActiveCfg = Debug|x64
		{D7058517-71DF-4F6B-865D-6038B2D6085C}.Debug|x64.Build.0 = Debug|x64
		{D7058517-71DF-4F6B-865D-6038B2D6085C}.Debug|x86.ActiveCfg = Debug|Win32
		{D7058517-71DF-4F6B-865D-6038B2D6085C}.Debug|x86.Build.0 = Debug|Win32
		{D7058517-71DF-4F6B-865D-6038B2D6085C}.Release|x64.ActiveCfg = Release|x64
		{D7058517-71DF-4F6B-865D-6038B2D6085C}.Release|x64.Build.0 = Release|x64
		{D7058517-71DF-4F6B-865D-6038B2D6085C}.Release|x86.ActiveCfg = Release|Win32
		{D7058517-71DF-4F6B-865D-6038B2D6085C}.Release|x86.Build.0 = Release|Win32
		{5F021221-5611-4173-9AF4-87B43FD3E3A5}.Debug|x64.ActiveCfg = Debug|x64
		{5F021221-5611-4173-9AF4-87B43FD3E3A5}.Debug|x64.Build.0 = Debug|x64
		{5F021221-5611-4173-9AF4-87B43FD3E3A5}.Debug|x86.ActiveCfg = Debug|Win32
		{5F021221-5611-4173-9AF4-87B43FD3E3A5}.Debug|x86.Build.0 = Debug|Win32
		{5F021221-5611-4173-9AF4-87B43FD3E3A5}.Release|x64.ActiveCfg = Release|x64
		{5F021221-5611-4173-9AF4-87B43FD3E3A5}.Release|x64.Build.0 = Release|x64
		{5F021221-5611-4173-9AF4-87B43FD3E3A5}.Release|x86.ActiveCfg = Release|Win32
		{5F021221-5611-4173-9AF4-87B43FD3E3A5}.Release|x86.Build.0 = Release|Win32
		{619339BE-BFCC-41FE-B258-EA9DB15CB26C}.Debug|x64.ActiveCfg = Debug|x64
		{619339BE-BFCC-41FE-B258-EA9DB15CB26C}.Debug|x64.Build.0 = Debug|x64
		{619339BE-BFCC-41FE-B258-EA9DB15CB26C}.Debug|x86.ActiveCfg = Debug|Win32
		{619339BE-BFCC-41FE-B258-EA9DB15CB26C}.Debug|x86.Build.0 = Debug|Win32
		{619339BE-BFCC-41FE-B258-EA9DB15CB26C}.Release|x64.ActiveCfg = Release|x64
		{619339BE-BFCC-41FE-B258-EA9DB15CB26C}.Release|x64.Build.0 = Release|x64
		{619339BE-BFCC-41FE-B258-EA9DB15CB26C}.Release|x86.ActiveCfg = Release|Win32
		{619339BE-BFCC-41FE-B258-EA9DB15CB26C}.Release|x86.Build.0 = Release|Win32
		{5D9B3665-D3AA-45A0-9B78-4FCD2F052773}.Debug|x64.ActiveCfg = Debug|x64
		{5D9B3665-D3AA-45A0-9B78-4FCD2F052773}.Debug|x64.Build.0 = Debug|x64
		{5D9B3665-D3AA-45A0-9B78-4FCD2F052773}.Debug|x86.ActiveCfg = Debug|Win32
		{5D9B3665-D3AA-45A0-9B78-4FCD2F052773}.Debug|x86.Build.0 = Debug|Win32
		{5D9B3665-D3AA-45A0-9B78-4FCD2F052773}.Release|x64.ActiveCfg = Release|x64
		{5D9B3665-D3AA-45A0-9B78-4FCD2F052773}.Release|x64.Build.0 = Release|x64
		{5D9B3665-D3AA-45A0-9B78-4FCD2F052773}.Release|x86.ActiveCfg = Release|Win32
		{5D9B3665-D3AA-45A0-9B78-4FCD2F052773}.Release|x86.Build.0 = Release|Win32
		{EA94F382-C7AB-4D8A-8EAA-5BEB01A0D112}.Debug|x64.ActiveCfg = Debug|x64
		{EA94F382-C7AB-4D8A-8EAA-5BEB01A0D112}.Debug|x64.Build.0 = Debug|x64
		{EA94F382-C7AB-4D8A-8EAA-5BEB01A0D112}.Debug|x86.ActiveCfg = Debug|Win32
		{EA94F382-C7AB-4D8A-8EAA-5BEB01A0D112}.Debug|x86.Build.0 = Debug|Win32
		{EA94F382-C7AB-4D8A-8EAA-5BEB01A0D112}.Release|x64.ActiveCfg = Release|x64
		{EA94F382-C7AB-4D8A-8EAA-5BEB01A0D112}.Release|x64.Build.0 = Release|x64
		{EA94F382-C7AB-4D8A-8EAA-5BEB01A0D112}.Release|x86.ActiveCfg = Release|Win32
		{EA94F382-C7AB-4D8A-8EAA-5BEB01A0D112}.Release|x86.Build.0 = Release|Win32
		{A7C0BBE9-E5F8-43D3-ADC1-7A0C04B4A9AD}.Debug|x64.ActiveCfg = Debug|x64
		{A7C0BBE9-E5F8-43D3-ADC1-7A0C04B4A9AD}.Debug|x64.Build.0 = Debug|x64
		{A7C0BBE9-E5F8-43D3-ADC1-7A0C04B4A9AD}.Debug|x86.ActiveCfg = Debug|Win32
		{A7C0BBE9-E5F8-43D3-ADC1-7A0C04B4A9AD}.Debug|x86.Build.0 = Debug|Win32
		{A7C0BBE9-E5F8-43D3-ADC1-7A0C04B4A9AD}.Release|x64.ActiveCfg = Release|x64
		{A7C0BBE9-E5F8-43D3-ADC1-7A0C04B4A9AD}.Release|x64.Build.0 = Release|x64
		{A7C0BBE9-E5F8-43D3-ADC1-7A0C04B4A9AD}.Release|x86.ActiveCfg = Release|Win32
		{A7C0BBE9-E5F8-43D3-ADC1-7A0C04B4A9AD}.Release|x86.Build.0 = Release|Win32
		{FE4C6F8B-8358-404E-9B8B-422D2005BDD0}.Debug|x64.ActiveCfg = Debug|x64
		{FE4C6F8B-8358-404E-9B8B-422D2005BDD0}.Debug|x64.Build.0 = Debug|x64
		{FE4C6F8B-8358-404E-9B8B-422D2005BDD0}.Debug|x86.ActiveCfg = Debug|Win32
		{FE4C6F8B-8358-404E-9B8B-422D2005BDD0}.Debug|x86.Build.0 = Debug|Win32
		{FE4C6F8B-8358-404E-9B8B-422D2005BDD0}.Release|x64.ActiveCfg = Release|x64
		{FE4C6F8B-8358-404E-9B8B-422D2005BDD0}.Release|x64.Build.0 = Release|x64
		{FE4C6F8B-8358-404E-9B8B-422D2005BDD0}.Release|x86.ActiveCfg = Release|Win32
		{FE4C6F8B-8358-404E-9B8B-422D2005BDD0}.Release|x86.Build.0 = Release|Win32
		{81A0B228-0FAB-45FC-B890-EFE29D722B64}.Debug|x64.ActiveCfg = Debug|x64
		{81A0B228-0FAB-45FC-B890-EFE29D722B64}.Debug|x64.Build.0 = Debug|x64
		{81A0B228-0FAB-45FC-B890-EFE29D722B64}.Debug|x86.ActiveCfg = Debug|Win32
		{81A0B228-0FAB-45FC-B890-EFE29D722B64}.Debug|x86.Build.0 = Debug|Win32
		{81A0B228-0FAB-45FC-B890-EFE29D722B64}.Release|x64.ActiveCfg = Release|x64
		{81A0B228-0FAB-45FC-B890-EFE29D722B64}.Release|x64.Build.0 = Release|x64
		{81A0B228-0FAB-45FC-B890-EFE29D722B64}.Release|x86.ActiveCfg = Release|Win32
		{81A0B228-0FAB-45FC-B890-EFE29D722B64}.Release|x86.Build.0 = Release|Win32
		{96D12488-1B9B-4CAD-B128-86ED0CDE5DBE}.Debug|x64.ActiveCfg = Debug|x64
		{96D12488-1B9B-4CAD-B128-86ED0CDE5DBE}.Debug|x64.Build.0 = Debug|x64
		{96D12488-1B9B-4CAD-B128-86ED0CDE5DBE}.Debug|x86.ActiveCfg = Debug|Win32
		{96D12488-1B9B-4CAD-B128-86ED0CDE5DBE}.Debug|x86.Build.0 = Debug|Win32
		{96D12488-1B9B-4CAD-B128-86ED0CDE5DBE}.Release|x64.ActiveCfg = Release|x64
		{96D12488-1B9B-4CAD-B128-86ED0CDE5DBE}.Release|x64.Build.0 = Release|x64
		{96D12488-1B9B-4CAD-B128-86ED0CDE5DBE}.Release|x86.ActiveCfg = Release|Win32
		{96D12488-1B9B-4CAD-B128-86ED0CDE5DBE}.Release|x86.Build.0 = Release|Win32
		{EA4A6814-7826-40BB-8F43-DCACE07FC586}.Debug|x64.ActiveCfg = Debug|x64
		{EA4A6814-7826-40BB-8F43-DCACE07FC586}.Debug|x64.Build.0 = Debug|x64
		{EA4A6814-7826-40BB-8F43-DCACE07FC586}.Debug|x86.ActiveCfg = Debug|Win32
		{EA4A6814-7826-40BB-8F43-DCACE07FC586}.Debug|x86.Build.0 = Debug|Win32
		{EA4A6814-7826-40BB-8F43-DCACE07FC586}.Release|x64.ActiveCfg = Release|x64
		{EA4A6814-7826-40BB-8F43-DCACE07FC586}.Release|x64.Build.0 = Release|x64
		{EA4A6814-7826-40BB-8F43-DCACE07FC586}.Release|x86.ActiveCfg = Release|Win32
		{EA4A6814-7826-40BB-8F43-DCACE07FC586}.Release|x86.Build.0 = Release|Win32
		{72E231D8-8732-41C6-A813-BF061FD9083D}.Debug|x64.ActiveCfg = Debug|x64
		{72E231D8-8732-41C6-A813-BF061FD9083D}.Debug|x64.Build.0 = Debug|x64
		{72E231D8-8732-41C6-A813-BF061FD9083D}.Debug|x86.ActiveCfg = Debug|Win32
		{72E231D8-8732-41C6-A813-BF061FD9083D}.Debug|x86.Build.0 = Debug|Win32
		{72E231D8-8732-41C6-A813-BF061FD9083D}.Release|x64.ActiveCfg = Release|x64
		{72E231D8-8732-41C6-A813-BF061FD9083D}.Release|x64.Build.0 = Release|x64
		{72E231D8-8732-41C6-A813-BF061FD9083D}.Release|x86.ActiveCfg = Release|Win32
		{72E231D8-8732-41C6-A813-BF061FD9083D}.Release|x86.Build.0 = Release|Win32
		{028C4593-58B9-4523-AF0A-F5AC7D4FBA13}.Debug|x64.ActiveCfg = Debug|x64
		{028C4593-58B9-4523-AF0A-F5AC7D4FBA13}.Debug|x64.Build.0 = Debug|x64
		{028C4593-58B9-4523-AF0A-F5AC7D4FBA13}.Debug|x86.ActiveCfg = Debug|Win32
		{028C4593-58B9-4523-AF0A-F5AC7D4FBA13}.Debug|x86.Build.0 = Debug|Win32
		{028C4593-58B9-4523-AF0A-F5AC7D4FBA13}.Release|x64.ActiveCfg = Release|x64
		{028C4593-58B9-4523-AF0A-F5AC7D4FBA13}.Release|x64.Build.0 = Release|x64
		{028C4593-58B9-4523-AF0A-F5AC7D4FBA13}.Release|x86.ActiveCfg = Release|Win32
		{028C4593-58B9-4523-AF0A-F5AC7D4FBA13}.Release|x86.Build.0 = Release|Win32
		{B3A3B858-0016-43F5-B4D2-703289885B5B}.Debug|x64.ActiveCfg = Debug|x64
		{B3A3B858-0016-43F5-B4D2-703289885B5B}.Debug|x64.Build.0 = Debug|x64
		{B3A3B858-0016-43F5-B4D2-703289885B5B}.Debug|x86.ActiveCfg = Debug|Win32
		{B3A3B858-0016-43F5-B4D2-703289885B5B}.Debug|x86.Build.0 = Debug|Win32
		{B3A3B858-0016-43F5-B4D2-703289885B5B}.Release|x64.ActiveCfg = Release|x64
		{B3A3B858-0016-43F5-B4D2-703289885B5B}.Release|x64.Build.0 = Release|x64
		{B3A3B858-0016-43F5-B4D2-703289885B5B}.Release|x86.ActiveCfg = Release|Win32
		{B3A3B858-0016-43F5-B4D2-703289885B5B}.Release|x86.Build.0 = Release|Win32
		{AD38F44E-9B0A-4003-B654-393DE71DFED7}.Debug|x64.ActiveCfg = Debug|x64
		{AD38F44E-9B0A-4003-B654-393DE71DFED7}.Debug|x64.Build.0 = Debug|x64
		{AD38F44E-9B0A-4003-B654-393DE71DFED7}.Debug|x86.ActiveCfg = Debug|Win32
		{AD38F44E-9B0A-4003-B654-393DE71DFED7}.Debug|x86.Build.0 = Debug|Win32
		{AD38F44E-9B0A-4003-B654-393DE71DFED7}.Release|x64.ActiveCfg = Release|x64
		{AD38F44E-9B0A-4003-B654-393DE71DFED7}.Release|x64.Build.0 = Release|x64
		{AD38F44E-9B0A-4003-B654-393DE71DFED7}.Release|x86.ActiveCfg = Release|Win32
		{AD38F44E-9B0A-4003-B654-393DE71DFED7}.Release|x86.Build.0 = Release|Win32
		{8DD6949A-DCAB-4DD2-8C81-CF3F82A654C8}.Debug|x64.ActiveCfg = Debug|x64
		{8DD6949A-DCAB-4DD2-8C81-CF3F82A654C8}.Debug|x64.Build.0 = Debug|x64
		{8DD6949A-DCAB-4DD2-8C81-CF3F82A654C8}.Debug|x86.ActiveCfg = Debug|Win32
		{8DD6949A-DCAB-4DD2-8C81-CF3F82A654C8}.Debug|x86.Build.0 = Debug|Win32
		{8DD6949A-DCAB-4DD2-8C81-CF3F82A654C8}.Release|x64.ActiveCfg = Release|x64
		{8DD6949A-DCAB-4DD2-8C81-CF3F82A654C8}.Release|x64.Build.0 = Release|x64
		{8DD6949A-DCAB-4DD2-8C81-CF3F82A654C8}.Release|x86.ActiveCfg = Release|Win32
		{8DD6949A-DCAB-4DD2-8C81-CF3F82A654C8}.Release|x86.Build.0 = Release|Win32
		{F10EE54D-FA61-46DB-9586-EFB35C735209}.Debug|x64.ActiveCfg = Debug|x64
		{F10EE54D-FA61-46DB-9586-EFB35C735209}.Debug|x64.Build.0 = Debug|x64
		{F10EE54D-FA61-46DB-9586-EFB35C735209}.Debug|x86.ActiveCfg = Debug|Win32
		{F10EE54D-FA61-46DB-9586-EFB35C735209}.Debug|x86.Build.0 = Debug|Win32
		{F10EE54D-FA61-46DB-9586-EFB35C735209}.Release|x64.ActiveCfg = Release|x64
		{F10EE54D-FA61-46DB-9586-EFB35C735209}.Release|x64.Build.0 = Release|x64
		{F10EE54D-FA61-46DB-9586-EFB35C735209}.Release|x86.ActiveCfg = Release|Win32
		{F10EE54D-FA61-46DB-9586-EFB35C735209}.Release|x86.Build.0 = Release|Win32
		{2EC31342-35CD-4620-96FE-A37342685AC1}.Debug|x64.ActiveCfg = Debug|x64
		{2EC31342-35CD-4620-96FE-A37342685AC1}.Debug|x64.Build.0 = Debug|x64
		{2EC31342-35CD-4620-96FE-A37342685AC1}.Debug|x86.ActiveCfg = Debug|Win32
		{2EC31342-35CD-4620-96FE-A37342685AC1}.Debug|x86.Build.0 = Debug|Win32
		{2EC31342-35CD-4620-96FE-A37342685AC1}.Release|x64.ActiveCfg = Release|x64
		{2EC31342-35CD-4620-96FE-A37342685AC1}.Release|x64.Build.0 = Release|x64
		{2EC31342-35CD-4620-96FE-A37342685AC1}.Release|x86.ActiveCfg = Release|Win32
		{2EC31342-35CD-4620-96FE-A37342685AC1}.Release|x86.Build.0 = Release|Win32
		{89C15051-7B4E-41C7-B1F1-37B33199F347}.Debug|x64.ActiveCfg = Debug|x64
		{89C15051-7B4E-41C7-B1F1-37B33199F347}.Debug|x64.Build.0 = Debug|x64
		{89C15051-7B4E-41C7-B1F1-37B33199F347}.Debug|x86.ActiveCfg = Debug|Win32
		{89C15051-7B4E-41C7-B1F1-37B33199F347}.Debug|x86.Build.0 = Debug|Win32
		{89C15051-7B4E-41C7-B1F1-37B33199F347}.Release|x64.ActiveCfg = Release|x64
		{89C15051-7B4E-41C7-B1F1-37B33199F347}.Release|x64.Build.0 = Release|x64
		{89C15051-7B4E-41C7-B1F1-37B33199F347}.Release|x86.ActiveCfg = Release|Win32
		{89C15051-7B4E-41C7-B1F1-37B33199F347}.Release|x86.Build.0 = Release|Win32
		{60BC6DFB-7773-4865-B9CD-933816CB234E}.Debug|x64.ActiveCfg = Debug|x64
		{60BC6DFB-7773-4865-B9CD-933816CB234E}.Debug|x64.Build.0 = Debug|x64
		{60BC6DFB-7773-4865-B9CD-933816CB234E}.Debug|x86.ActiveCfg = Debug|Win32
		{60BC6DFB-7773-4865-B9CD-933816CB234E}.Debug|x86.Build.0 = Debug|Win32
		{60BC6DFB-7773-4865-B9CD-933816CB234E}.Release|x64.ActiveCfg = Release|x64
		{60BC6DFB-7773-4865-B9CD-933816CB234E}.Release|x64.Build.0 = Release|x64
		{60BC6DFB-7773-4865-B9CD-933816CB234E}.Release|x86.ActiveCfg = Release|Win32
		{60BC6DFB-7773-4865-B9CD-933816CB234E}.Release|x86.Build.0 = Release|Win32
		{6E012146-7BE8-4567-860B-C11515B7A287}.Debug|x64.ActiveCfg = Debug|x64
		{6E012146-7BE8-4567-860B-C11515B7A287}.Debug|x64.Build.0 = Debug|x64
		{6E012146-7BE8-4567-860B-C11515B7A287}.Debug|x86.ActiveCfg = Debug|Win32
		{6E012146-7BE8-4567-860B-C11515B7A287}.Debug|x86.Build.0 = Debug|Win32
		{6E012146-7BE8-4567-860B-C11515B7A287}.Release|x64.ActiveCfg = Release|x64
		{6E012146-7BE8-4567-860B-C11515B7A287}.Release|x64.Build.0 = Release|x64
		{6E012146-7BE8-4567-860B-C11515B7A287}.Release|x86.ActiveCfg = Release|Win32
		{6E012146-7BE8-4567-860B-C11515B7A287}.Release|x86.Build.0 = Release|Win32
		{ADD5495D-88FD-473C-83AF-934B358608EA}.Debug|x64.ActiveCfg = Debug|x64
		{ADD5495D-88FD-473C-83AF-934B358608EA}.Debug|x64.Build.0 = Debug|x64
		{ADD5495D-88FD-473C-83AF-934B358608EA}.Debug|x86.ActiveCfg = Debug|Win32
		{ADD5495D-88FD-473C-83AF-934B358608EA}.Debug|x86.Build.0 = Debug|Win32
		{ADD5495D-88FD-473C-83AF-934B358608EA}.Release|x64.ActiveCfg = Release|x64
		{ADD5495D-88FD-473C-83AF-934B358608EA}.Release|x64.Build.0 = Release|x64
		{ADD5495D-88FD-473C-83AF-934B358608EA}.Release|x86.ActiveCfg = Release|Win32
		{ADD5495D-88FD-473C-83AF-934B358608EA}.Release|x86.Build.0 = Release|Win32
		{44F16A32-7552-4113-93A0-FBF9537DC783}.Debug|x64.ActiveCfg = Debug|x64
		{44F16A32-7552-4113-93A0-FBF9537DC783}.Debug|x64.Build.0 = Debug|x64
		{44F16A32-7552-4113-93A0-FBF9537DC783}.Debug|x86.ActiveCfg = Debug|Win32
		{44F16A32-7552-4113-93A0-FBF9537DC783}.Debug|x86.Build.0 = Debug|Win32
		{44F16A32-7552-4113-93A0-FBF9537DC783}.Release|x64.ActiveCfg = Release|x64
		{44F16A32-7552-4113-93A0-FBF9537DC783}.Release|x64.Build.0 = Release|x64
		{44F16A32-7552-4113-93A0-FBF9537DC783}.Release|x86.ActiveCfg = Release|Win32
		{44F16A32-7552-4113-93A0-FBF9537DC783}.Release|x86.Build.0 = Release|Win32
		{AE6D9352-9C40-4A7F-88F3-7343003F7CD6}.Debug|x64.ActiveCfg = Debug|x64
		{AE6D9352-9C40-4A7F-88F3-7343003F7CD6}.Debug|x64.Build.0 = Debug|x64
		{AE6D9352-9C40-4A7F-88F3-7343003F7CD6}.Debug|x86.ActiveCfg = Debug|Win32
		{AE6D9352-9C40-4A7F-88F3-7343003F7CD6}.Debug|x86.Build.0 = Debug|Win32
		{AE6D9352-9C40-4A7F-88F3-7343003F7CD6}.Release|x64.ActiveCfg = Release|x64
		{AE6D9352-9C40-4A7F-88F3-7343003F7CD6}.Release|x64.Build.0 = Release|x64
		{AE6D9352-9C40-4A7F-88F3-7343003F7CD6}.Release|x86.ActiveCfg = Release|Win32
		{AE6D9352-9C40-4A7F-88F3-7343003F7CD6}.Release|x86.Build.0 = Release|Win32
		{255A446F-C41E-4846-95D2-398422D68025}.Debug|x64.ActiveCfg = Debug|x64
		{255A446F-C41E-4846-95D2-398422D68025}.Debug|x64.Build.0 = Debug|x64
		{255A446F-C41E-4846-95D2-398422D68025}.Debug|x86.ActiveCfg = Debug|Win32
		{255A446F-C41E-4846-95D2-398422D68025}.Debug|x86.Build.0 = Debug|Win32
		{255A446F-C41E-4846-95D2-398422D68025}.Release|x64.ActiveCfg = Release|x64
		{255A446F-C41E-4846-95D2-398422D68025}.Release|x64.Build.0 = Release|x64
		{255A446F-C41E-4846-95D2-398422D68025}.Release|x86.ActiveCfg = Release|Win32
		{255A446F-C41E-4846-95D2-398422D68025}.Release|x86.Build.0 = Release|Win32
		{F6B5C900-07CE-4D6B-A39A-3B9EA3B01486}.Debug|x64.ActiveCfg = Debug|x64
		{F6B5C900-07CE-4D6B-A39A-3B9EA3B01486}.Debug|x64.Build.0 = Debug|x64
		{F6B5C900-07CE-4D6B-A39A-3B9EA3B01486}.Debug|x86.ActiveCfg = Debug|Win32
		{F6B5C900-07CE-4D6B-A39A-3B9EA3B01486}.Debug|x86.Build.0 = Debug|Win32
		{F6B5C900-07CE-4D6B-A39A-3B9EA3B01486}.Release|x64.ActiveCfg = Release|x64
		{F6B5C900-07CE-4D6B-A39A-3B9EA3B01486}.Release|x64.Build.0 = Release|x64
		{F6B5C900-07CE-4D6B-A39A-3B9EA3B01486}.Release|x86.ActiveCfg = Release|Win32
		{F6B5C900-07CE-4D6B-A39A-3B9EA3B01486}.Release|x86.Build.0 = Release|Win32
		{0955B910-1425-4589-91FA-33B6CBA63FA6}.Debug|x64.ActiveCfg = Debug|x64
		{0955B910-1425-4589-91FA-33B6CBA63FA6}.Debug|x64.Build.0 = Debug|x64
		{0955B910-1425-4589-91FA-33B6CBA63FA6}.Debug|x86.ActiveCfg = Debug|Win32
		{0955B910-1425-4589-91FA-33B6CBA63FA6}.Debug|x86.Build.0 = Debug|Win32
		{0955B910-1425-4589-91FA-33B6CBA63FA6}.Release|x64.ActiveCfg = Release|x64
		{0955B910-1425-4589-91FA-33B6CBA63FA6}.Release|x64.Build.0 = Release|x64
		{0955B910-1425-4589-91FA-33B6CBA63FA6}.Release|x86.ActiveCfg = Release|Win32
		{0955B910-1425-4589-91FA-33B6CBA63FA6}.Release|x86.Build.0 = Release|Win32
		{F0F408A1-E902-4D89-B65A-DA709F06AFA7}.Debug|x64.ActiveCfg = Debug|x64
		{F0F408A1-E902-4D89-B65A-DA709F06AFA7}.Debug|x64.Build.0 = Debug|x64
		{F0F408A1-E902-4D89-B65A-DA709F06AFA7}.Debug|x86.ActiveCfg = Debug|Win32
		{F0F408A1-E902-4D89-B65A-DA709F06AFA7}.Debug|x86.Build.0 = Debug|Win32
		{F0F408A1-E902-4D89-B65A-DA709F06AFA7}.Release|x64.ActiveCfg = Release|x64
		{F0F408A1-E902-4D89-B65A-DA709F06AFA7}.Release|x64.Build.0 = Release|x64
		{F0F408A1-E902-4D89-B65A-DA709F06AFA7}.Release|x86.ActiveCfg = Release|Win32
		{F0F408A1-E902-4D89-B65A-DA709F06AFA7}.Release|x86.Build.0 = Release|Win32
		{420C4D15-9009-4D5A-977B-A098B3AA735D}.Debug|x64.ActiveCfg = Debug|x64
		{420C4D15-9009-4D5A-977B-A098B3AA735D}.Debug|x64.Build.0 = Debug|x64
		{420C4D15-9009-4D5A-977B-A098B3AA735D}.Debug|x86.ActiveCfg = Debug|Win32
		{420C4D15-9009-4D5A-977B-A098B3AA735D}.Debug|x86.Build.0 = Debug|Win32
		{420C4D15-9009-4D5A-977B-A098B3AA735D}.Release|x64.ActiveCfg = Release|x64
		{420C4D15-9009-4D5A-977B-A098B3AA735D}.Release|x64.Build.0 = Release|x64
		{420C4D15-9009-4D5A-977B-A098B3AA735D}.Release|x86.ActiveCfg = Release|Win32
		{420C4D15-9009-4D5A-977B-A098B3AA735D}.Release|x86.Build.0 = Release|Win32
		{F27F54E7-3508-4F54-89EE-30B3E6D0F41A}.Debug|x64.ActiveCfg = Debug|x64
		{F27F54E7-3508-4F54-89EE-30B3E6D0F41A}.Debug|x64.Build.0 = Debug|x64
		{F27F54E7-3508-4F54-89EE-30B3E6D0F41A}.Debug|x86.ActiveCfg = Debug|Win32
		{F27F54E7-3508-4F54-89EE-30B3E6D0F41A}.Debug|x86.Build.0 = Debug|Win32
		{F27F54E7-3508-4F54-89EE-30B3E6D0F41A}.Release|x64.ActiveCfg = Release|x64
		{F27F54E7-3508-4F54-89EE-30B3E6D0F41A}.Release|x64.Build.0 = Release|x64
		{F27F54E7-3508-4F54-89EE-30B3E6D0F41A}.Release|x86.ActiveCfg = Release|Win32
		{F27F54E7-3508-4F54-89EE-30B3E6D0F41A}.Release|x86.Build.0 = Release|Win32
		{C0733C8E-B8CD-4112-8658-C69F48D874B0}.Debug|x64.ActiveCfg = Debug|x64
		{C0733C8E-B8CD-4112-8658-C69F48D874B0}.Debug|x64.Build.0 = Debug|x64
		{C0733C8E-B8CD-4112-8658-C69F48D874B0}.Debug|x86.ActiveCfg = Debug|Win32
		{C0733C8E-B8CD-4112-8658-C69F48D874B0}.Debug|x86.Build.0 = Debug|Win32
		{C0733C8E-B8CD-4112-8658-C69F48D874B0}.Release|x64.ActiveCfg = Release|x64
		{C0733C8E-B8CD-4112-8658-C69F48D874B0}.Release|x64.Build.0 = Release|x64
		{C0733C8E-B8CD-4112-8658-C69F48D874B0}.Release|x86.ActiveCfg = Release|Win32
		{C0733C8E-B8CD-4112-8658-C69F48D874B0}.Release|x86.Build.0 = Release|Win32
		{958FEABF-5888-4F4D-8116-FD3454CA4953}.Debug|x64.ActiveCfg = Debug|x64
		{958FEABF-5888-4F4D-8116-FD3454CA4953}.Debug|x64.Build.0 = Debug|x64
		{958FEABF-5888-4F4D-8116-FD3454CA4953}.Debug|x86.ActiveCfg = Debug|Win32
		{958FEABF-5888-4F4D-8116-FD3454CA4953}.Debug|x86.Build.0 = Debug|Win32
		{958FEABF-5888-4F4D-8116-FD3454CA4953}.Release|x64.ActiveCfg = Release|x64
		{958FEABF-5888-4F4D-8116-FD3454CA4953}.Release|x64.Build.0 = Release|x64
		{958FEABF-5888-4F4D-8116-FD3454CA4953}.Release|x86.ActiveCfg = Release|Win32
		{958FEABF-5888-4F4D-8116-FD3454CA4953}.Release|x86.Build.0 = Release|Win32
		{EAF171CF-5F71-4230-A709-2C7F3BA8C25B}.Debug|x64.ActiveCfg = Debug|x64
		{EAF171CF-5F71-4230-A709-2C7F3BA8C25B}.Debug|x64.Build.0 = Debug|x64
		{EAF171CF-5F71-4230-A709-2C7F3BA8C25B}.Debug|x86.ActiveCfg = Debug|Win32
		{EAF171CF-5F71-4230-A709-2C7F3BA8C25B}.Debug|x86.Build.0 = Debug|Win32
		{EAF171CF-5F71-4230-A709-2C7F3BA8C25B}.Release|x64.ActiveCfg = Release|x64
		{EAF171CF-5F71-4230-A709-2C7F3BA8C25B}.Release|x64.Build.0 = Release|x64
		{EAF171CF-5F71-4230-A709-2C7F3BA8C25B}.Release|x86.ActiveCfg = Release|Win32
		{EAF171CF-5F71-4230-A709-2C7F3BA8C25B}.Release|x86.Build.0 = Release|Win32
		{21AE094D-56C6-4F38-9DC6-FCA76B3DC516}.Debug|x64.ActiveCfg = Debug|x64
		{21AE094D-56C6-4F38-9DC6-FCA76B3DC516}.Debug|x64.Build.0 = Debug|x64
		{21AE094D-56C6-4F38-9DC6-FCA76B3DC516}.Debug|x86.ActiveCfg = Debug|Win32
		{21AE094D-56C6-4F38-9DC6-FCA76B3DC516}.Debug|x86.Build.0 = Debug|Win32
		{21AE094D-56C6-4F38-9DC6-FCA76B3DC516}.Release|x64.ActiveCfg = Release|x64
		{21AE094D-56C6-4F38-9DC6-FCA76B3DC516}.Release|x64.Build.0 = Release|x64
		{21AE094D-56C6-4F38-9DC6-FCA76B3DC516}.Release|x86.ActiveCfg = Release|Win32
		{21AE094D-56C6-4F38-9DC6-FCA76B3DC516}.Release|x86.Build.0 = Release|Win32
		{9D858526-AC14-45A3-A8E4-F0945DC9B21F}.Debug|x64.ActiveCfg = Debug|x64
		{9D858526-AC14-45A3-A8E4-F0945DC9B21F}.Debug|x64.Build.0 = Debug|x64
		{9D858526-AC14-45A3-A8E4-F0945DC9B21F}.Debug|x86.ActiveCfg = Debug|Win32
		{9D858526-AC14-45A3-A8E4-F0945DC9B21F}.Debug|x86.Build.0 = Debug|Win32
		{9D858526-AC14-45A3-A8E4-F0945DC9B21F}.Release|x64.ActiveCfg = Release|x64
		{9D858526-AC14-45A3-A8E4-F0945DC9B21F}.Release|x64.Build.0 = Release|x64
		{9D858526-AC14-45A3-A8E4-F0945DC9B21F}.Release|x86.ActiveCfg = Release|Win32
		{9D858526-AC14-45A3-A8E4-F0945DC9B21F}.Release|x86.Build.0 = Release|Win32
		{E6EDD577-8378-4A16-B4B1-11384DC146DB}.Debug|x64.ActiveCfg = Debug|x64
		{E6EDD577-8378-4A16-B4B1-11384DC146DB}.Debug|x64.Build.0 = Debug|x64
		{E6EDD577-8378-4A16-B4B1-11384DC146DB}.Debug|x86.ActiveCfg = Debug|Win32
		{E6EDD577-8378-4A16-B4B1-11384DC146DB}.Debug|x86.Build.0 = Debug|Win32
		{E6EDD577-8378-4A16-B4B1-11384DC146DB}.Release|x64.ActiveCfg = Release|x64
		{E6EDD577-8378-4A16-B4B1-11384DC146DB}.Release|x64.Build.0 = Release|x64
		{E6EDD577-8378-4A16-B4B1-11384DC146DB}.Release|x86.ActiveCfg = Release|Win32
		{E6EDD577-8378-4A16-B4B1-11384DC146DB}.Release|x86.Build.0 = Release|Win32
		{CFDBA0F3-022C-44DE-B23B-372D90062965}.Debug|x64.ActiveCfg = Debug|x64
		{CFDBA0F3-022C-44DE-B23B-372D90062965}.Debug|x64.Build.0 = Debug|x64
		{CFDBA0F3-022C-44DE-B23B-372D90062965}.Debug|x86.ActiveCfg = Debug|Win32
		{CFDBA0F3-022C-44DE-B23B-372D90062965}.Debug|x86.Build.0 = Debug|Win32
		{CFDBA0F3-022C-44DE-B23B-372D90062965}.Release|x64.ActiveCfg = Release|x64
		{CFDBA0F3-022C-44DE-B23B-372D90062965}.Release|x64.Build.0 = Release|x64
		{CFDBA0F3-022C-44DE-B23B-372D90062965}.Release|x86.ActiveCfg = Release|Win32
		{CFDBA0F3-022C-44DE-B23B-372D90062965}.Release|x86.Build.0 = Release|Win32
		{1194C633-E067-4FC2-B480-261B01631725}.Debug|x64.ActiveCfg = Debug|x64
		{1194C633-E067-4FC2-B480-261B01631725}.Debug|x64.Build.0 = Debug|x64
		{1194C633-E067-4FC2-B480-261B01631725}.Debug|x86.ActiveCfg = Debug|Win32
		{1194C633-E067-4FC2-B480-261B01631725}.Debug|x86.Build.0 = Debug|Win32
		{1194C633-E067-4FC2-B480-261B01631725}.Release|x64.ActiveCfg = Release|x64
		{1194C633-E067-4FC2-B480-261B01631725}.Release|x64.Build.0 = Release|x64
		{1194C633-E067-4FC2-B480-261B01631725}.Release|x86.ActiveCfg = Release|Win32
		{1194C633-E067-4FC2-B480-261B01631725}.Release|x86.Build.0 = Release|Win32
		{78ED976B-8D12-43EB-9C73-3951C0FAF73F}.Debug|x64.ActiveCfg = Debug|x64
		{78ED976B-8D12-43EB-9C73-3951C0FAF73F}.Debug|x64.Build.0 = Debug|x64
		{78ED976B-8D12-43EB-9C73-3951C0FAF73F}.Debug|x86.ActiveCfg = Debug|Win32
		{78ED976B-8D12-43EB-9C73-3951C0FAF73F}.Debug|x86.Build.0 = Debug|Win32
		{78ED976B-8D12-43EB-9C73-3951C0FAF73F}.Release|x64.ActiveCfg = Release|x64
		{78ED976B-8D12-43EB-9C73-3951C0FAF73F}.Release|x64.Build.0 = Release|x64
		{78ED976B-8D12-43EB-9C73-3951C0FAF73F}.Release|x86.ActiveCfg = Release|Win32
		{78ED976B-8D12-43EB-9C73-3951C0FAF73F}.Release|x86.Build.0 = Release|Win32
		{7037FEB0-4408-41E2-B59F-0EE192152993}.Debug|x64.ActiveCfg = Debug|x64
		{7037FEB0-4408-41E2-B59F-0EE192152993}.Debug|x64.Build.0 = Debug|x64
		{7037FEB0-4408-41E2-B59F-0EE192152993}.Debug|x86.ActiveCfg = Debug|Win32
		{7037FEB0-4408-41E2-B59F-0EE192152993}.Debug|x86.Build.0 = Debug|Win32
		{7037FEB0-4408-41E2-B59F-0EE192152993}.Release|x64.ActiveCfg = Release|x64
		{7037FEB0-4408-41E2-B59F-0EE192152993}.Release|x64.Build.0 = Release|x64
		{7037FEB0-4408-41E2-B59F-0EE192152993}.Release|x86.ActiveCfg = Release|Win32
		{7037FEB0-4408-41E2-B59F-0EE192152993}.Release|x86.Build.0 = Release|Win32
		{D9FF580C-3DEE-44A3-B133-CD246A46403D}.Debug|x64.ActiveCfg = Debug|x64
		{D9FF580C-3DEE-44A3-B133-CD246A46403D}.Debug|x64.Build.0 = Debug|x64
		{D9FF580C-3DEE-44A3-B133-CD246A46403D}.Debug|x86.ActiveCfg = Debug|Win32
		{D9FF580C-3DEE-44A3-B133-CD246A46403D}.Debug|x86.Build.0 = Debug|Win32
		{D9FF580C-3DEE-44A3-B133-CD246A46403D}.Release|x64.ActiveCfg = Release|x64
		{D9FF580C-3DEE-44A3-B133-CD246A46403D}.Release|x64.Build.0 = Release|x64
		{D9FF580C-3DEE-44A3-B133-CD246A46403D}.Release|x86.ActiveCfg = Release|Win32
		{D9FF580C-3DEE-44A3-B133-CD246A46403D}.Release|x86.Build.0 = Release|Win32
		{D9BDB240-4C75-4A37-9902-8B99662E2E4A}.Debug|x64.ActiveCfg = Debug|x64
		{D9BDB240-4C75-4A37-9902-8B99662E2E4A}.Debug|x64.Build.0 = Debug|x64
		{D9BDB240-4C75-4A37-9902-8B99662E2E4A}.Debug|x86.ActiveCfg = Debug|Win32
		{D9BDB240-4C75-4A37-9902-8B99662E2E4A}.Debug|x86.Build.0 = Debug|Win32
		{D9BDB240-4C75-4A37-9902-8B99662E2E4A}.Release|x64.ActiveCfg = Release|x64
		{D9BDB240-4C75-4A37-9902-8B99662E2E4A}.Release|x64.Build.0 = Release|x64
		{D9BDB240-4C75-4A37-9902-8B99662E2E4A}.Release|x86.ActiveCfg = Release|Win32
		{D9BDB240-4C75-4A37-9902-8B99662E2E4A}.Release|x86.Build.0 = Release|Win32
		{84A7DCAC-2F26-4483-9426-FF321598A7CE}.Debug|x64.ActiveCfg = Debug|x64
		{84A7DCAC-2F26-4483-9426-FF321598A7CE}.Debug|x64.Build.0 = Debug|x64
		{84A7DCAC-2F26-4483-9426-FF321598A7CE}.Debug|x86.ActiveCfg = Debug|Win32
		{84A7DCAC-2F26-4483-9426-FF321598A7CE}.Debug|x86.Build.0 = Debug|Win32
		{84A7DCAC-2F26-4483-9426-FF321598A7CE}.Release|x64.ActiveCfg = Release|x64
		{84A7DCAC-2F26-4483-9426-FF321598A7CE}.Release|x64.Build.0 = Release|x64
		{84A7DCAC-2F26-4483-9426-FF321598A7CE}.Release|x86.ActiveCfg = Release|Win32
		{84A7DCAC-2F26-4483-9426-FF321598A7CE}.Release|x86.Build.0 = Release|Win32
		{7480E4F5-0BFE-4B76-9A6D-C6B0251EEC19}.Debug|x64.ActiveCfg = Debug|x64
		{7480E4F5-0BFE-4B76-9A6D-C6B0251EEC19}.Debug|x64.Build.0 = Debug|x64
		{7480E4F5-0BFE-4B76-9A6D-C6B0251EEC19}.Debug|x86.ActiveCfg = Debug|Win32
		{7480E4F5-0BFE-4B76-9A6D-C6B0251EEC19}.Debug|x86.Build.0 = Debug|Win32
		{7480E4F5-0BFE-4B76-9A6D-C6B0251EEC19}.Release|x64.ActiveCfg = Release|x64
		{7480E4F5-0BFE-4B76-9A6D-C6B0251EEC19}.Release|x64.Build.0 = Release|x64
		{7480E4F5-0BFE-4B76-9A6D-C6B0251EEC19}.Release|x86.ActiveCfg = Release|Win32
		{7480E4F5-0BFE-4B76-9A6D-C6B0251EEC19}.Release|x86.Build.0 = Release|Win32
		{EF4B8A79-8ACA-4B90-A36C-BA3E2E727535}.Debug|x64.ActiveCfg = DLL Debug|x64
		{EF4B8A79-8ACA-4B90-A36C-BA3E2E727535}.Debug|x64.Build.0 = DLL Debug|x64
		{EF4B8A79-8ACA-4B90-A36C-BA3E2E727535}.Debug|x86.ActiveCfg = DLL Release|Win32
		{EF4B8A79-8ACA-4B90-A36C-BA3E2E727535}.Debug|x86.Build.0 = DLL Release|Win32
		{EF4B8A79-8ACA-4B90-A36C-BA3E2E727535}.Release|x64.ActiveCfg = DLL Release|x64
		{EF4B8A79-8ACA-4B90-A36C-BA3E2E727535}.Release|x64.Build.0 = DLL Release|x64
		{EF4B8A79-8ACA-4B90-A36C-BA3E2E727535}.Release|x86.ActiveCfg = DLL Release|Win32
		{EF4B8A79-8ACA-4B90-A36C-BA3E2E727535}.Release|x86.Build.0 = DLL Release|Win32
		{612227FD-DE31-43DB-9C7C-69DA003D9265}.Debug|x64.ActiveCfg = Debug|x64
		{612227FD-DE31-43DB-9C7C-69DA003D9265}.Debug|x64.Build.0 = Debug|x64
		{612227FD-DE31-43DB-9C7C-69DA003D9265}.Debug|x86.ActiveCfg = Debug|Win32
		{612227FD-DE31-43DB-9C7C-69DA003D9265}.Debug|x86.Build.0 = Debug|Win32
		{612227FD-DE31-43DB-9C7C-69DA003D9265}.Release|x64.ActiveCfg = Release|x64
		{612227FD-DE31-43DB-9C7C-69DA003D9265}.Release|x64.Build.0 = Release|x64
		{612227FD-DE31-43DB-9C7C-69DA003D9265}.Release|x86.ActiveCfg = Release|Win32
		{612227FD-DE31-43DB-9C7C-69DA003D9265}.Release|x86.Build.0 = Release|Win32
		{3AC3F27F-8763-4533-A948-43373E5DEEF9}.Debug|x64.ActiveCfg = Debug|x64
		{3AC3F27F-8763-4533-A948-43373E5DEEF9}.Debug|x64.Build.0 = Debug|x64
		{3AC3F27F-8763-4533-A948-43373E5DEEF9}.Debug|x86.ActiveCfg = Debug|Win32
		{3AC3F27F-8763-4533-A948-43373E5DEEF9}.Debug|x86.Build.0 = Debug|Win32
		{3AC3F27F-8763-4533-A948-43373E5DEEF9}.Release|x64.ActiveCfg = Release|x64
		{3AC3F27F-8763-4533-A948-43373E5DEEF9}.Release|x64.Build.0 = Release|x64
		{3AC3F27F-8763-4533-A948-43373E5DEEF9}.Release|x86.ActiveCfg = Release|Win32
		{3AC3F27F-8763-4533-A948-43373E5DEEF9}.Release|x86.Build.0 = Release|Win32
		{B2060A29-C06D-4B00-9BAD-8442BDCF31B6}.Debug|x64.ActiveCfg = Debug|x64
		{B2060A29-C06D-4B00-9BAD-8442BDCF31B6}.Debug|x64.Build.0 = Debug|x64
		{B2060A29-C06D-4B00-9BAD-8442BDCF31B6}.Debug|x86.ActiveCfg = Debug|Win32
		{B2060A29-C06D-4B00-9BAD-8442BDCF31B6}.Debug|x86.Build.0 = Debug|Win32
		{B2060A29-C06D-4B00-9BAD-8442BDCF31B6}.Release|x64.ActiveCfg = Release|x64
		{B2060A29-C06D-4B00-9BAD-8442BDCF31B6}.Release|x64.Build.0 = Release|x64
		{B2060A29-C06D-4B00-9BAD-8442BDCF31B6}.Release|x86.ActiveCfg = Release|Win32
		{B2060A29-C06D-4B00-9BAD-8442BDCF31B6}.Release|x86.Build.0 = Release|Win32
		{A2C83E5F-7089-4217-B4E3-FD60FEE14645}.Debug|x64.ActiveCfg = Debug|x64
		{A2C83E5F-7089-4217-B4E3-FD60FEE14645}.Debug|x64.Build.0 = Debug|x64
		{A2C83E5F-7089-4217-B4E3-FD60FEE14645}.Debug|x86.ActiveCfg = Debug|Win32
		{A2C83E5F-7089-4217-B4E3-FD60FEE14645}.Debug|x86.Build.0 = Debug|Win32
		{A2C83E5F-7089-4217-B4E3-FD60FEE14645}.Release|x64.ActiveCfg = Release|x64
		{A2C83E5F-7089-4217-B4E3-FD60FEE14645}.Release|x64.Build.0 = Release|x64
		{A2C83E5F-7089-4217-B4E3-FD60FEE14645}.Release|x86.ActiveCfg = Release|Win32
		{A2C83E5F-7089-4217-B4E3-FD60FEE14645}.Release|x86.Build.0 = Release|Win32
		{92188D54-FE2C-4BA6-BCC2-9A473E73FBE5}.Debug|x64.ActiveCfg = Debug|x64
		{92188D54-FE2C-4BA6-BCC2-9A473E73FBE5}.Debug|x64.Build.0 = Debug|x64
		{92188D54-FE2C-4BA6-BCC2-9A473E73FBE5}.Debug|x86.ActiveCfg = Debug|Win32
		{92188D54-FE2C-4BA6-BCC2-9A473E73FBE5}.Debug|x86.Build.0 = Debug|Win32
		{92188D54-FE2C-4BA6-BCC2-9A473E73FBE5}.Release|x64.ActiveCfg = Release|x64
		{92188D54-FE2C-4BA6-BCC2-9A473E73FBE5}.Release|x64.Build.0 = Release|x64
		{92188D54-FE2C-4BA6-BCC2-9A473E73FBE5}.Release|x86.ActiveCfg = Release|Win32
		{92188D54-FE2C-4BA6-BCC2-9A473E73FBE5}.Release|x86.Build.0 = Release|Win32
		{146EC52D-EE47-4A7D-88B4-1F0054FB50F2}.Debug|x64.ActiveCfg = Debug|x64
		{146EC52D-EE47-4A7D-88B4-1F0054FB50F2}.Debug|x64.Build.0 = Debug|x64
		{146EC52D-EE47-4A7D-88B4-1F0054FB50F2}.Debug|x86.ActiveCfg = Debug|Win32
		{146EC52D-EE47-4A7D-88B4-1F0054FB50F2}.Debug|x86.Build.0 = Debug|Win32
		{146EC52D-EE47-4A7D-88B4-1F0054FB50F2}.Release|x64.ActiveCfg = Release|x64
		{146EC52D-EE47-4A7D-88B4-1F0054FB50F2}.Release|x64.Build.0 = Release|x64
		{146EC52D-EE47-4A7D-88B4-1F0054FB50F2}.Release|x86.ActiveCfg = Release|Win32
		{146EC52D-EE47-4A7D-88B4-1F0054FB50F2}.Release|x86.Build.0 = Release|Win32
		{AEF790A2-BEB0-4C40-90AF-24A40E583F75}.Debug|x64.ActiveCfg = Debug|x64
		{AEF790A2-BEB0-4C40-90AF-24A40E583F75}.Debug|x64.Build.0 = Debug|x64
		{AEF790A2-BEB0-4C40-90AF-24A40E583F75}.Debug|x86.ActiveCfg = Debug|Win32
		{AEF790A2-BEB0-4C40-90AF-24A40E583F75}.Debug|x86.Build.0 = Debug|Win32
		{AEF790A2-BEB0-4C40-90AF-24A40E583F75}.Release|x64.ActiveCfg = Release|x64
		{AEF790A2-BEB0-4C40-90AF-24A40E583F75}.Release|x64.Build.0 = Release|x64
		{AEF790A2-BEB0-4C40-90AF-24A40E583F75}.Release|x86.ActiveCfg = Release|Win32
		{AEF790A2-BEB0-4C40-90AF-24A40E583F75}.Release|x86.Build.0 = Release|Win32
		{2103CF27-9E6C-4A04-AD34-0116EC9F5D08}.Debug|x64.ActiveCfg = Debug|x64
		{2103CF27-9E6C-4A04-AD34-0116EC9F5D08}.Debug|x64.Build.0 = Debug|x64
		{2103CF27-9E6C-4A04-AD34-0116EC9F5D08}.Debug|x86.ActiveCfg = Debug|Win32
		{2103CF27-9E6C-4A04-AD34-0116EC9F5D08}.Debug|x86.Build.0 = Debug|Win32
		{2103CF27-9E6C-4A04-AD34-0116EC9F5D08}.Release|x64.ActiveCfg = Release|x64
		{2103CF27-9E6C-4A04-AD34-0116EC9F5D08}.Release|x64.Build.0 = Release|x64
		{2103CF27-9E6C-4A04-AD34-0116EC9F5D08}.Release|x86.ActiveCfg = Release|Win32
		{2103CF27-9E6C-4A04-AD34-0116EC9F5D08}.Release|x86.Build.0 = Release|Win32
		{B0C449BD-EAE9-4ADE-A3C7-349086D15CE2}.Debug|x64.ActiveCfg = Debug|x64
		{B0C449BD-EAE9-4ADE-A3C7-349086D15CE2}.Debug|x64.Build.0 = Debug|x64
		{B0C449BD-EAE9-4ADE-A3C7-349086D15CE2}.Debug|x86.ActiveCfg = Debug|Win32
		{B0C449BD-EAE9-4ADE-A3C7-349086D15CE2}.Debug|x86.Build.0 = Debug|Win32
		{B0C449BD-EAE9-4ADE-A3C7-349086D15CE2}.Release|x64.ActiveCfg = Release|x64
		{B0C449BD-EAE9-4ADE-A3C7-349086D15CE2}.Release|x64.Build.0 = Release|x64
		{B0C449BD-EAE9-4ADE-A3C7-349086D15CE2}.Release|x86.ActiveCfg = Release|Win32
		{B0C449BD-EAE9-4ADE-A3C7-349086D15CE2}.Release|x86.Build.0 = Release|Win32
		{209D5A91-D11F-433A-89CB-FE3FFC78FDBD}.Debug|x64.ActiveCfg = Debug|x64
		{209D5A91-D11F-433A-89CB-FE3FFC78FDBD}.Debug|x64.Build.0 = Debug|x64
		{209D5A91-D11F-433A-89CB-FE3FFC78FDBD}.Debug|x86.ActiveCfg = Debug|Win32
		{209D5A91-D11F-433A-89CB-FE3FFC78FDBD}.Debug|x86.Build.0 = Debug|Win32
		{209D5A91-D11F-433A-89CB-FE3FFC78FDBD}.Release|x64.ActiveCfg = Release|x64
		{209D5A91-D11F-433A-89CB-FE3FFC78FDBD}.Release|x64.Build.0 = Release|x64
		{209D5A91-D11F-433A-89CB-FE3FFC78FDBD}.Release|x86.ActiveCfg = Release|Win32
		{209D5A91-D11F-433A-89CB-FE3FFC78FDBD}.Release|x86.Build.0 = Release|Win32
		{827BB928-02BF-4DF7-9C0F-4E141DEC7406}.Debug|x64.ActiveCfg = Debug|x64
		{827BB928-02BF-4DF7-9C0F-4E141DEC7406}.Debug|x64.Build.0 = Debug|x64
		{827BB928-02BF-4DF7-9C0F-4E141DEC7406}.Debug|x86.ActiveCfg = Debug|Win32
		{827BB928-02BF-4DF7-9C0F-4E141DEC7406}.Debug|x86.Build.0 = Debug|Win32
		{827BB928-02BF-4DF7-9C0F-4E141DEC7406}.Release|x64.ActiveCfg = Release|x64
		{827BB928-02BF-4DF7-9C0F-4E141DEC7406}.Release|x64.Build.0 = Release|x64
		{827BB928-02BF-4DF7-9C0F-4E141DEC7406}.Release|x86.ActiveCfg = Release|Win32
		{827BB928-02BF-4DF7-9C0F-4E141DEC7406}.Release|x86.Build.0 = Release|Win32
		{8D2E5B8C-CE39-4F58-A75D-A836B5AF20EB}.Debug|x64.ActiveCfg = Debug|x64
		{8D2E5B8C-CE39-4F58-A75D-A836B5AF20EB}.Debug|x64.Build.0 = Debug|x64
		{8D2E5B8C-CE39-4F58-A75D-A836B5AF20EB}.Debug|x86.ActiveCfg = Debug|Win32
		{8D2E5B8C-CE39-4F58-A75D-A836B5AF20EB}.Debug|x86.Build.0 = Debug|Win32
		{8D2E5B8C-CE39-4F58-A75D-A836B5AF20EB}.Release|x64.ActiveCfg = Release|x64
		{8D2E5B8C-CE39-4F58-A75D-A836B5AF20EB}.Release|x64.Build.0 = Release|x64
		{8D2E5B8C-CE39-4F58-A75D-A836B5AF20EB}.Release|x86.ActiveCfg = Release|Win32
		{8D2E5B8C-CE39-4F58-A75D-A836B5AF20EB}.Release|x86.Build.0 = Release|Win32
		{448D3540-28F1-4DEF-98DD-0B4BE29D1F70}.Debug|x64.ActiveCfg = Debug|x64
		{448D3540-28F1-4DEF-98DD-0B4BE29D1F70}.Debug|x64.Build.0 = Debug|x64
		{448D3540-28F1-4DEF-98DD-0B4BE29D1F70}.Debug|x86.ActiveCfg = Debug|Win32
		{448D3540-28F1-4DEF-98DD-0B4BE29D1F70}.Debug|x86.Build.0 = Debug|Win32
		{448D3540-28F1-4DEF-98DD-0B4BE29D1F70}.Release|x64.ActiveCfg = Release|x64
		{448D3540-28F1-4DEF-98DD-0B4BE29D1F70}.Release|x64.Build.0 = Release|x64
		{448D3540-28F1-4DEF-98DD-0B4BE29D1F70}.Release|x86.ActiveCfg = Release|Win32
		{448D3540-28F1-4DEF-98DD-0B4BE29D1F70}.Release|x86.Build.0 = Release|Win32
	EndGlobalSection
	GlobalSection(SolutionProperties) = preSolution
		HideSolutionNode = FALSE
	EndGlobalSection
	GlobalSection(ExtensibilityGlobals) = postSolution
		SolutionGuid = {38CF9F55-BBAC-4DA9-81C7-3E2383588D97}
	EndGlobalSection
EndGlobal
