<?xml version="1.0" encoding="utf-8"?>
<Project ToolsVersion="4.0" xmlns="http://schemas.microsoft.com/developer/msbuild/2003">
  <ItemGroup>
    <Filter Include="Source Files">
      <UniqueIdentifier>{4FC737F1-C7A5-4376-A066-2A32D752A2FF}</UniqueIdentifier>
      <Extensions>cpp;c;cc;cxx;c++;cppm;ixx;def;odl;idl;hpj;bat;asm;asmx</Extensions>
    </Filter>
    <Filter Include="Header Files">
      <UniqueIdentifier>{93995380-89BD-4b04-88EB-625FBE52EBFB}</UniqueIdentifier>
      <Extensions>h;hh;hpp;hxx;h++;hm;inl;inc;ipp;xsd</Extensions>
    </Filter>
    <Filter Include="Resource Files">
      <UniqueIdentifier>{67DA6AB6-F800-4c08-8B7A-83BB121AAD01}</UniqueIdentifier>
      <Extensions>rc;ico;cur;bmp;dlg;rc2;rct;bin;rgs;gif;jpg;jpeg;jpe;resx;tiff;tif;png;wav;mfcribbon-ms</Extensions>
    </Filter>
    <Filter Include="Header Files\indigo">
      <UniqueIdentifier>{e1017ff9-5c7f-4430-927d-8cbaf114da5d}</UniqueIdentifier>
    </Filter>
    <Filter Include="Source Files\indigo">
      <UniqueIdentifier>{99aba4d8-10c2-4af9-8cc0-fb6e6b82c8b3}</UniqueIdentifier>
    </Filter>
  </ItemGroup>
  <ItemGroup>
    <ClCompile Include="..\..\indigo_windows\dllmain.cpp">
      <Filter>Source Files</Filter>
    </ClCompile>
    <ClCompile Include="alpaca_ccd.c">
      <Filter>Source Files\indigo</Filter>
    </ClCompile>
    <ClCompile Include="alpaca_common.c">
      <Filter>Source Files\indigo</Filter>
    </ClCompile>
    <ClCompile Include="alpaca_dome.c">
      <Filter>Source Files\indigo</Filter>
    </ClCompile>
    <ClCompile Include="alpaca_focuser.c">
      <Filter>Source Files\indigo</Filter>
    </ClCompile>
    <ClCompile Include="alpaca_guider.c">
      <Filter>Source Files\indigo</Filter>
    </ClCompile>
    <ClCompile Include="alpaca_lightbox.c">
      <Filter>Source Files\indigo</Filter>
    </ClCompile>
    <ClCompile Include="alpaca_mount.c">
      <Filter>Source Files\indigo</Filter>
    </ClCompile>
    <ClCompile Include="alpaca_rotator.c">
      <Filter>Source Files\indigo</Filter>
    </ClCompile>
    <ClCompile Include="alpaca_switch.c">
      <Filter>Source Files\indigo</Filter>
    </ClCompile>
    <ClCompile Include="alpaca_wheel.c">
      <Filter>Source Files\indigo</Filter>
    </ClCompile>
    <ClCompile Include="indigo_agent_alpaca.c">
      <Filter>Source Files\indigo</Filter>
    </ClCompile>
  </ItemGroup>
  <ItemGroup>
    <ClInclude Include="alpaca_common.h">
      <Filter>Header Files\indigo</Filter>
    </ClInclude>
    <ClInclude Include="indigo_agent_alpaca.h">
      <Filter>Header Files\indigo</Filter>
    </ClInclude>
  </ItemGroup>
</Project>