<?xml version="1.0" encoding="utf-8"?>
<Project ToolsVersion="4.0" xmlns="http://schemas.microsoft.com/developer/msbuild/2003">
  <ItemGroup>
    <ClCompile Include="..\indigo_windows\dllmain.cpp">
      <Filter>Source Files</Filter>
    </ClCompile>
    <ClCompile Include="indigo_base64.c">
      <Filter>Source Files\indigo</Filter>
    </ClCompile>
    <ClCompile Include="indigo_bus.c">
      <Filter>Source Files\indigo</Filter>
    </ClCompile>
    <ClCompile Include="indigo_client.c">
      <Filter>Source Files\indigo</Filter>
    </ClCompile>
    <ClCompile Include="indigo_client_xml.c">
      <Filter>Source Files\indigo</Filter>
    </ClCompile>
    <ClCompile Include="indigo_server_tcp.c">
      <Filter>Source Files\indigo</Filter>
    </ClCompile>
    <ClCompile Include="indigo_service_discovery.c">
      <Filter>Source Files\indigo</Filter>
    </ClCompile>
    <ClCompile Include="indigo_token.c">
      <Filter>Source Files\indigo</Filter>
    </ClCompile>
    <ClCompile Include="indigo_uni_io.c">
      <Filter>Source Files\indigo</Filter>
    </ClCompile>
    <ClCompile Include="indigo_version.c">
      <Filter>Source Files\indigo</Filter>
    </ClCompile>
    <ClCompile Include="indigo_xml.c">
      <Filter>Source Files\indigo</Filter>
    </ClCompile>
    <ClCompile Include="externals\bonjour-sdk\dnssd_clientlib.c">
      <Filter>Source Files\bonjour</Filter>
    </ClCompile>
    <ClCompile Include="externals\bonjour-sdk\dnssd_clientstub.c">
      <Filter>Source Files\bonjour</Filter>
    </ClCompile>
    <ClCompile Include="externals\bonjour-sdk\dnssd_ipc.c">
      <Filter>Source Files\bonjour</Filter>
    </ClCompile>
    <ClCompile Include="indigo_driver_xml.c">
      <Filter>Source Files\indigo</Filter>
    </ClCompile>
    <ClCompile Include="indigo_json.c">
      <Filter>Source Files\indigo</Filter>
    </ClCompile>
    <ClCompile Include="indigo_driver_json.c">
      <Filter>Source Files\indigo</Filter>
    </ClCompile>
    <ClCompile Include="indigo_driver.c">
      <Filter>Source Files\indigo</Filter>
    </ClCompile>
    <ClCompile Include="indigo_timer.c">
      <Filter>Source Files\indigo</Filter>
    </ClCompile>
    <ClCompile Include="indigo_usbserial_utils.c">
      <Filter>Source Files\indigo</Filter>
    </ClCompile>
    <ClCompile Include="indigo_agent.c">
      <Filter>Source Files\indigo</Filter>
    </ClCompile>
    <ClCompile Include="indigo_ao_driver.c">
      <Filter>Source Files\indigo</Filter>
    </ClCompile>
    <ClCompile Include="indigo_aux_driver.c">
      <Filter>Source Files\indigo</Filter>
    </ClCompile>
    <ClCompile Include="indigo_dome_driver.c">
      <Filter>Source Files\indigo</Filter>
    </ClCompile>
    <ClCompile Include="indigo_focuser_driver.c">
      <Filter>Source Files\indigo</Filter>
    </ClCompile>
    <ClCompile Include="indigo_gps_driver.c">
      <Filter>Source Files\indigo</Filter>
    </ClCompile>
    <ClCompile Include="indigo_guider_driver.c">
      <Filter>Source Files\indigo</Filter>
    </ClCompile>
    <ClCompile Include="indigo_mount_driver.c">
      <Filter>Source Files\indigo</Filter>
    </ClCompile>
    <ClCompile Include="indigo_rotator_driver.c">
      <Filter>Source Files\indigo</Filter>
    </ClCompile>
    <ClCompile Include="indigo_wheel_driver.c">
      <Filter>Source Files\indigo</Filter>
    </ClCompile>
    <ClCompile Include="indigo_dome_azimuth.c">
      <Filter>Source Files\indigo</Filter>
    </ClCompile>
    <ClCompile Include="indigo_align.c">
      <Filter>Source Files\indigo</Filter>
    </ClCompile>
    <ClCompile Include="indigo_ccd_driver.c">
      <Filter>Source Files\indigo</Filter>
    </ClCompile>
    <ClCompile Include="indigo_stretch.cpp">
      <Filter>Source Files\indigo</Filter>
    </ClCompile>
    <ClCompile Include="indigo_dslr_raw.c">
      <Filter>Source Files\indigo</Filter>
    </ClCompile>
    <ClCompile Include="indigo_ser.c">
      <Filter>Source Files\indigo</Filter>
    </ClCompile>
    <ClCompile Include="indigo_avi.c">
      <Filter>Source Files\indigo</Filter>
    </ClCompile>
    <ClCompile Include="indigo_md5.c">
      <Filter>Source Files\indigo</Filter>
    </ClCompile>
    <ClCompile Include="indigo_tiff.c">
      <Filter>Source Files\indigo</Filter>
    </ClCompile>
    <ClCompile Include="externals\libjpeg\jcarith.c">
      <Filter>Source Files\libjpeg</Filter>
    </ClCompile>
    <ClCompile Include="externals\libjpeg\jdarith.c">
      <Filter>Source Files\libjpeg</Filter>
    </ClCompile>
    <ClCompile Include="externals\libjpeg\jaricom.c">
      <Filter>Source Files\libjpeg</Filter>
    </ClCompile>
    <ClCompile Include="externals\libtiff\libtiff\tif_aux.c">
      <Filter>Source Files\libtiff</Filter>
    </ClCompile>
    <ClCompile Include="externals\libtiff\libtiff\tif_close.c">
      <Filter>Source Files\libtiff</Filter>
    </ClCompile>
    <ClCompile Include="externals\libtiff\libtiff\tif_codec.c">
      <Filter>Source Files\libtiff</Filter>
    </ClCompile>
    <ClCompile Include="externals\libtiff\libtiff\tif_color.c">
      <Filter>Source Files\libtiff</Filter>
    </ClCompile>
    <ClCompile Include="externals\libtiff\libtiff\tif_compress.c">
      <Filter>Source Files\libtiff</Filter>
    </ClCompile>
    <ClCompile Include="externals\libtiff\libtiff\tif_dir.c">
      <Filter>Source Files\libtiff</Filter>
    </ClCompile>
    <ClCompile Include="externals\libtiff\libtiff\tif_dirinfo.c">
      <Filter>Source Files\libtiff</Filter>
    </ClCompile>
    <ClCompile Include="externals\libtiff\libtiff\tif_dirread.c">
      <Filter>Source Files\libtiff</Filter>
    </ClCompile>
    <ClCompile Include="externals\libtiff\libtiff\tif_dirwrite.c">
      <Filter>Source Files\libtiff</Filter>
    </ClCompile>
    <ClCompile Include="externals\libtiff\libtiff\tif_dumpmode.c">
      <Filter>Source Files\libtiff</Filter>
    </ClCompile>
    <ClCompile Include="externals\libtiff\libtiff\tif_error.c">
      <Filter>Source Files\libtiff</Filter>
    </ClCompile>
    <ClCompile Include="externals\libtiff\libtiff\tif_extension.c">
      <Filter>Source Files\libtiff</Filter>
    </ClCompile>
    <ClCompile Include="externals\libtiff\libtiff\tif_fax3.c">
      <Filter>Source Files\libtiff</Filter>
    </ClCompile>
    <ClCompile Include="externals\libtiff\libtiff\tif_fax3sm.c">
      <Filter>Source Files\libtiff</Filter>
    </ClCompile>
    <ClCompile Include="externals\libtiff\libtiff\tif_flush.c">
      <Filter>Source Files\libtiff</Filter>
    </ClCompile>
    <ClCompile Include="externals\libtiff\libtiff\tif_getimage.c">
      <Filter>Source Files\libtiff</Filter>
    </ClCompile>
    <ClCompile Include="externals\libtiff\libtiff\tif_jbig.c">
      <Filter>Source Files\libtiff</Filter>
    </ClCompile>
    <ClCompile Include="externals\libtiff\libtiff\tif_jpeg.c">
      <Filter>Source Files\libtiff</Filter>
    </ClCompile>
    <ClCompile Include="externals\libtiff\libtiff\tif_jpeg_12.c">
      <Filter>Source Files\libtiff</Filter>
    </ClCompile>
    <ClCompile Include="externals\libtiff\libtiff\tif_luv.c">
      <Filter>Source Files\libtiff</Filter>
    </ClCompile>
    <ClCompile Include="externals\libtiff\libtiff\tif_lzma.c">
      <Filter>Source Files\libtiff</Filter>
    </ClCompile>
    <ClCompile Include="externals\libtiff\libtiff\tif_lzw.c">
      <Filter>Source Files\libtiff</Filter>
    </ClCompile>
    <ClCompile Include="externals\libtiff\libtiff\tif_next.c">
      <Filter>Source Files\libtiff</Filter>
    </ClCompile>
    <ClCompile Include="externals\libtiff\libtiff\tif_ojpeg.c">
      <Filter>Source Files\libtiff</Filter>
    </ClCompile>
    <ClCompile Include="externals\libtiff\libtiff\tif_open.c">
      <Filter>Source Files\libtiff</Filter>
    </ClCompile>
    <ClCompile Include="externals\libtiff\libtiff\tif_packbits.c">
      <Filter>Source Files\libtiff</Filter>
    </ClCompile>
    <ClCompile Include="externals\libtiff\libtiff\tif_pixarlog.c">
      <Filter>Source Files\libtiff</Filter>
    </ClCompile>
    <ClCompile Include="externals\libtiff\libtiff\tif_predict.c">
      <Filter>Source Files\libtiff</Filter>
    </ClCompile>
    <ClCompile Include="externals\libtiff\libtiff\tif_print.c">
      <Filter>Source Files\libtiff</Filter>
    </ClCompile>
    <ClCompile Include="externals\libtiff\libtiff\tif_read.c">
      <Filter>Source Files\libtiff</Filter>
    </ClCompile>
    <ClCompile Include="externals\libtiff\libtiff\tif_strip.c">
      <Filter>Source Files\libtiff</Filter>
    </ClCompile>
    <ClCompile Include="externals\libtiff\libtiff\tif_swab.c">
      <Filter>Source Files\libtiff</Filter>
    </ClCompile>
    <ClCompile Include="externals\libtiff\libtiff\tif_thunder.c">
      <Filter>Source Files\libtiff</Filter>
    </ClCompile>
    <ClCompile Include="externals\libtiff\libtiff\tif_tile.c">
      <Filter>Source Files\libtiff</Filter>
    </ClCompile>
    <ClCompile Include="externals\libtiff\libtiff\tif_version.c">
      <Filter>Source Files\libtiff</Filter>
    </ClCompile>
    <ClCompile Include="externals\libtiff\libtiff\tif_warning.c">
      <Filter>Source Files\libtiff</Filter>
    </ClCompile>
    <ClCompile Include="externals\libtiff\libtiff\tif_webp.c">
      <Filter>Source Files\libtiff</Filter>
    </ClCompile>
    <ClCompile Include="externals\libtiff\libtiff\tif_win32.c">
      <Filter>Source Files\libtiff</Filter>
    </ClCompile>
    <ClCompile Include="externals\libtiff\libtiff\tif_write.c">
      <Filter>Source Files\libtiff</Filter>
    </ClCompile>
    <ClCompile Include="externals\libtiff\libtiff\tif_zip.c">
      <Filter>Source Files\libtiff</Filter>
    </ClCompile>
    <ClCompile Include="externals\libtiff\libtiff\tif_zstd.c">
      <Filter>Source Files\libtiff</Filter>
    </ClCompile>
    <ClCompile Include="indigocat\indigocat_dso.c">
      <Filter>Source Files\indigo\indigo_cat</Filter>
    </ClCompile>
    <ClCompile Include="indigocat\indigocat_dynamical_time.c">
      <Filter>Source Files\indigo\indigo_cat</Filter>
    </ClCompile>
    <ClCompile Include="indigocat\indigocat_earth.c">
      <Filter>Source Files\indigo\indigo_cat</Filter>
    </ClCompile>
    <ClCompile Include="indigocat\indigocat_jupiter.c">
      <Filter>Source Files\indigo\indigo_cat</Filter>
    </ClCompile>
    <ClCompile Include="indigocat\indigocat_mars.c">
      <Filter>Source Files\indigo\indigo_cat</Filter>
    </ClCompile>
    <ClCompile Include="indigocat\indigocat_mercury.c">
      <Filter>Source Files\indigo\indigo_cat</Filter>
    </ClCompile>
    <ClCompile Include="indigocat\indigocat_moon.c">
      <Filter>Source Files\indigo\indigo_cat</Filter>
    </ClCompile>
    <ClCompile Include="indigocat\indigocat_neptune.c">
      <Filter>Source Files\indigo\indigo_cat</Filter>
    </ClCompile>
    <ClCompile Include="indigocat\indigocat_nutation.c">
      <Filter>Source Files\indigo\indigo_cat</Filter>
    </ClCompile>
    <ClCompile Include="indigocat\indigocat_pluto.c">
      <Filter>Source Files\indigo\indigo_cat</Filter>
    </ClCompile>
    <ClCompile Include="indigocat\indigocat_precession.c">
      <Filter>Source Files\indigo\indigo_cat</Filter>
    </ClCompile>
    <ClCompile Include="indigocat\indigocat_saturn.c">
      <Filter>Source Files\indigo\indigo_cat</Filter>
    </ClCompile>
    <ClCompile Include="indigocat\indigocat_ss.c">
      <Filter>Source Files\indigo\indigo_cat</Filter>
    </ClCompile>
    <ClCompile Include="indigocat\indigocat_star.c">
      <Filter>Source Files\indigo\indigo_cat</Filter>
    </ClCompile>
    <ClCompile Include="indigocat\indigocat_sun.c">
      <Filter>Source Files\indigo\indigo_cat</Filter>
    </ClCompile>
    <ClCompile Include="indigocat\indigocat_transform.c">
      <Filter>Source Files\indigo\indigo_cat</Filter>
    </ClCompile>
    <ClCompile Include="indigocat\indigocat_uranus.c">
      <Filter>Source Files\indigo\indigo_cat</Filter>
    </ClCompile>
    <ClCompile Include="indigocat\indigocat_venus.c">
      <Filter>Source Files\indigo\indigo_cat</Filter>
    </ClCompile>
    <ClCompile Include="indigocat\indigocat_vsop87.c">
      <Filter>Source Files\indigo\indigo_cat</Filter>
    </ClCompile>
    <ClCompile Include="externals\libjpeg\jcapimin.c">
      <Filter>Source Files\libjpeg</Filter>
    </ClCompile>
    <ClCompile Include="externals\libjpeg\jcapistd.c">
      <Filter>Source Files\libjpeg</Filter>
    </ClCompile>
    <ClCompile Include="externals\libjpeg\jccoefct.c">
      <Filter>Source Files\libjpeg</Filter>
    </ClCompile>
    <ClCompile Include="externals\libjpeg\jccolor.c">
      <Filter>Source Files\libjpeg</Filter>
    </ClCompile>
    <ClCompile Include="externals\libjpeg\jcdctmgr.c">
      <Filter>Source Files\libjpeg</Filter>
    </ClCompile>
    <ClCompile Include="externals\libjpeg\jchuff.c">
      <Filter>Source Files\libjpeg</Filter>
    </ClCompile>
    <ClCompile Include="externals\libjpeg\jcinit.c">
      <Filter>Source Files\libjpeg</Filter>
    </ClCompile>
    <ClCompile Include="externals\libjpeg\jcmainct.c">
      <Filter>Source Files\libjpeg</Filter>
    </ClCompile>
    <ClCompile Include="externals\libjpeg\jcmarker.c">
      <Filter>Source Files\libjpeg</Filter>
    </ClCompile>
    <ClCompile Include="externals\libjpeg\jcmaster.c">
      <Filter>Source Files\libjpeg</Filter>
    </ClCompile>
    <ClCompile Include="externals\libjpeg\jcomapi.c">
      <Filter>Source Files\libjpeg</Filter>
    </ClCompile>
    <ClCompile Include="externals\libjpeg\jcparam.c">
      <Filter>Source Files\libjpeg</Filter>
    </ClCompile>
    <ClCompile Include="externals\libjpeg\jcprepct.c">
      <Filter>Source Files\libjpeg</Filter>
    </ClCompile>
    <ClCompile Include="externals\libjpeg\jcsample.c">
      <Filter>Source Files\libjpeg</Filter>
    </ClCompile>
    <ClCompile Include="externals\libjpeg\jctrans.c">
      <Filter>Source Files\libjpeg</Filter>
    </ClCompile>
    <ClCompile Include="externals\libjpeg\jdapimin.c">
      <Filter>Source Files\libjpeg</Filter>
    </ClCompile>
    <ClCompile Include="externals\libjpeg\jdapistd.c">
      <Filter>Source Files\libjpeg</Filter>
    </ClCompile>
    <ClCompile Include="externals\libjpeg\jdatadst.c">
      <Filter>Source Files\libjpeg</Filter>
    </ClCompile>
    <ClCompile Include="externals\libjpeg\jdatasrc.c">
      <Filter>Source Files\libjpeg</Filter>
    </ClCompile>
    <ClCompile Include="externals\libjpeg\jdcoefct.c">
      <Filter>Source Files\libjpeg</Filter>
    </ClCompile>
    <ClCompile Include="externals\libjpeg\jdcolor.c">
      <Filter>Source Files\libjpeg</Filter>
    </ClCompile>
    <ClCompile Include="externals\libjpeg\jddctmgr.c">
      <Filter>Source Files\libjpeg</Filter>
    </ClCompile>
    <ClCompile Include="externals\libjpeg\jdhuff.c">
      <Filter>Source Files\libjpeg</Filter>
    </ClCompile>
    <ClCompile Include="externals\libjpeg\jdinput.c">
      <Filter>Source Files\libjpeg</Filter>
    </ClCompile>
    <ClCompile Include="externals\libjpeg\jdmainct.c">
      <Filter>Source Files\libjpeg</Filter>
    </ClCompile>
    <ClCompile Include="externals\libjpeg\jdmarker.c">
      <Filter>Source Files\libjpeg</Filter>
    </ClCompile>
    <ClCompile Include="externals\libjpeg\jdmaster.c">
      <Filter>Source Files\libjpeg</Filter>
    </ClCompile>
    <ClCompile Include="externals\libjpeg\jdmerge.c">
      <Filter>Source Files\libjpeg</Filter>
    </ClCompile>
    <ClCompile Include="externals\libjpeg\jdsample.c">
      <Filter>Source Files\libjpeg</Filter>
    </ClCompile>
    <ClCompile Include="externals\libjpeg\jdpostct.c">
      <Filter>Source Files\libjpeg</Filter>
    </ClCompile>
    <ClCompile Include="externals\libjpeg\jdtrans.c">
      <Filter>Source Files\libjpeg</Filter>
    </ClCompile>
    <ClCompile Include="externals\libjpeg\jerror.c">
      <Filter>Source Files\libjpeg</Filter>
    </ClCompile>
    <ClCompile Include="externals\libjpeg\jfdctflt.c">
      <Filter>Source Files\libjpeg</Filter>
    </ClCompile>
    <ClCompile Include="externals\libjpeg\jfdctfst.c">
      <Filter>Source Files\libjpeg</Filter>
    </ClCompile>
    <ClCompile Include="externals\libjpeg\jfdctint.c">
      <Filter>Source Files\libjpeg</Filter>
    </ClCompile>
    <ClCompile Include="externals\libjpeg\jidctflt.c">
      <Filter>Source Files\libjpeg</Filter>
    </ClCompile>
    <ClCompile Include="externals\libjpeg\jidctfst.c">
      <Filter>Source Files\libjpeg</Filter>
    </ClCompile>
    <ClCompile Include="externals\libjpeg\jidctint.c">
      <Filter>Source Files\libjpeg</Filter>
    </ClCompile>
    <ClCompile Include="externals\libjpeg\jmemmgr.c">
      <Filter>Source Files\libjpeg</Filter>
    </ClCompile>
    <ClCompile Include="externals\libjpeg\jmemnobs.c">
      <Filter>Source Files\libjpeg</Filter>
    </ClCompile>
    <ClCompile Include="externals\libjpeg\jquant1.c">
      <Filter>Source Files\libjpeg</Filter>
    </ClCompile>
    <ClCompile Include="externals\libjpeg\jquant2.c">
      <Filter>Source Files\libjpeg</Filter>
    </ClCompile>
    <ClCompile Include="externals\libjpeg\jutils.c">
      <Filter>Source Files\libjpeg</Filter>
    </ClCompile>
    <ClCompile Include="indigo_filter.c">
      <Filter>Source Files\indigo</Filter>
    </ClCompile>
  </ItemGroup>
  <ItemGroup>
    <ClInclude Include="indigo\indigo_base64.h">
      <Filter>Header Files\indigo</Filter>
    </ClInclude>
    <ClInclude Include="indigo\indigo_base64_luts.h">
      <Filter>Header Files\indigo</Filter>
    </ClInclude>
    <ClInclude Include="indigo\indigo_bus.h">
      <Filter>Header Files\indigo</Filter>
    </ClInclude>
    <ClInclude Include="indigo\indigo_client.h">
      <Filter>Header Files\indigo</Filter>
    </ClInclude>
    <ClInclude Include="indigo\indigo_client_xml.h">
      <Filter>Header Files\indigo</Filter>
    </ClInclude>
    <ClInclude Include="indigo\indigo_config.h">
      <Filter>Header Files\indigo</Filter>
    </ClInclude>
    <ClInclude Include="indigo\indigo_service_discovery.h">
      <Filter>Header Files\indigo</Filter>
    </ClInclude>
    <ClInclude Include="indigo\indigo_token.h">
      <Filter>Header Files\indigo</Filter>
    </ClInclude>
    <ClInclude Include="indigo\indigo_uni_io.h">
      <Filter>Header Files\indigo</Filter>
    </ClInclude>
    <ClInclude Include="indigo\indigo_version.h">
      <Filter>Header Files\indigo</Filter>
    </ClInclude>
    <ClInclude Include="indigo\indigo_xml.h">
      <Filter>Header Files\indigo</Filter>
    </ClInclude>
    <ClInclude Include="bin_externals\zlib\include\inffast.h">
      <Filter>Header Files\zlib</Filter>
    </ClInclude>
    <ClInclude Include="bin_externals\zlib\include\deflate.h">
      <Filter>Header Files\zlib</Filter>
    </ClInclude>
    <ClInclude Include="bin_externals\zlib\include\inffixed.h">
      <Filter>Header Files\zlib</Filter>
    </ClInclude>
    <ClInclude Include="bin_externals\zlib\include\inflate.h">
      <Filter>Header Files\zlib</Filter>
    </ClInclude>
    <ClInclude Include="bin_externals\zlib\include\inftrees.h">
      <Filter>Header Files\zlib</Filter>
    </ClInclude>
    <ClInclude Include="bin_externals\zlib\include\trees.h">
      <Filter>Header Files\zlib</Filter>
    </ClInclude>
    <ClInclude Include="bin_externals\zlib\include\zconf.h">
      <Filter>Header Files\zlib</Filter>
    </ClInclude>
    <ClInclude Include="bin_externals\zlib\include\zlib.h">
      <Filter>Header Files\zlib</Filter>
    </ClInclude>
    <ClInclude Include="bin_externals\zlib\include\zutil.h">
      <Filter>Header Files\zlib</Filter>
    </ClInclude>
    <ClInclude Include="bin_externals\pthreads4w\include\_ptw32.h">
      <Filter>Header Files\pthreads4w</Filter>
    </ClInclude>
    <ClInclude Include="bin_externals\zlib\include\crc32.h">
      <Filter>Header Files\zlib</Filter>
    </ClInclude>
    <ClInclude Include="externals\bonjour-sdk\CommonServices.h">
      <Filter>Header Files\bonjour</Filter>
    </ClInclude>
    <ClInclude Include="externals\bonjour-sdk\DebugServices.h">
      <Filter>Header Files\bonjour</Filter>
    </ClInclude>
    <ClInclude Include="externals\bonjour-sdk\dns_sd.h">
      <Filter>Header Files\bonjour</Filter>
    </ClInclude>
    <ClInclude Include="externals\bonjour-sdk\dnssd_ipc.h">
      <Filter>Header Files\bonjour</Filter>
    </ClInclude>
    <ClInclude Include="bin_externals\pthreads4w\include\pthread.h">
      <Filter>Header Files\pthreads4w</Filter>
    </ClInclude>
    <ClInclude Include="bin_externals\pthreads4w\include\sched.h">
      <Filter>Header Files\pthreads4w</Filter>
    </ClInclude>
    <ClInclude Include="bin_externals\pthreads4w\include\semaphore.h">
      <Filter>Header Files\pthreads4w</Filter>
    </ClInclude>
    <ClInclude Include="bin_externals\zlib\include\gzguts.h">
      <Filter>Header Files\zlib</Filter>
    </ClInclude>
    <ClInclude Include="indigo\indigo_json.h">
      <Filter>Header Files\indigo</Filter>
    </ClInclude>
    <ClInclude Include="indigo\indigo_driver_json.h">
      <Filter>Header Files\indigo</Filter>
    </ClInclude>
    <ClInclude Include="indigo\indigo_driver.h">
      <Filter>Header Files\indigo</Filter>
    </ClInclude>
    <ClInclude Include="bin_externals\libusb\include\libusb.h">
      <Filter>Header Files\libusb</Filter>
    </ClInclude>
    <ClInclude Include="indigo\indigo_timer.h">
      <Filter>Header Files\indigo</Filter>
    </ClInclude>
    <ClInclude Include="indigo\indigo_usbserial_utils.h">
      <Filter>Header Files\indigo</Filter>
    </ClInclude>
    <ClInclude Include="indigo\indigo_agent.h">
      <Filter>Header Files\indigo</Filter>
    </ClInclude>
    <ClInclude Include="indigo\indigo_ao_driver.h">
      <Filter>Header Files\indigo</Filter>
    </ClInclude>
    <ClInclude Include="indigo\indigo_aux_driver.h">
      <Filter>Header Files\indigo</Filter>
    </ClInclude>
    <ClInclude Include="indigo\indigo_ccd_driver.h">
      <Filter>Header Files\indigo</Filter>
    </ClInclude>
    <ClInclude Include="indigo\indigo_dome_driver.h">
      <Filter>Header Files\indigo</Filter>
    </ClInclude>
    <ClInclude Include="indigo\indigo_focuser_driver.h">
      <Filter>Header Files\indigo</Filter>
    </ClInclude>
    <ClInclude Include="indigo\indigo_gps_driver.h">
      <Filter>Header Files\indigo</Filter>
    </ClInclude>
    <ClInclude Include="indigo\indigo_guider_driver.h">
      <Filter>Header Files\indigo</Filter>
    </ClInclude>
    <ClInclude Include="indigo\indigo_mount_driver.h">
      <Filter>Header Files\indigo</Filter>
    </ClInclude>
    <ClInclude Include="indigo\indigo_rotator_driver.h">
      <Filter>Header Files\indigo</Filter>
    </ClInclude>
    <ClInclude Include="indigo\indigo_wheel_driver.h">
      <Filter>Header Files\indigo</Filter>
    </ClInclude>
    <ClInclude Include="indigo\indigo_dome_azimuth.h">
      <Filter>Header Files\indigo</Filter>
    </ClInclude>
    <ClInclude Include="indigo\indigo_align.h">
      <Filter>Header Files\indigo</Filter>
    </ClInclude>
    <ClInclude Include="externals\libraw\libraw\libraw.h">
      <Filter>Header Files\libraw</Filter>
    </ClInclude>
    <ClInclude Include="externals\libraw\libraw\libraw_alloc.h">
      <Filter>Header Files\libraw</Filter>
    </ClInclude>
    <ClInclude Include="externals\libraw\libraw\libraw_const.h">
      <Filter>Header Files\libraw</Filter>
    </ClInclude>
    <ClInclude Include="externals\libraw\libraw\libraw_datastream.h">
      <Filter>Header Files\libraw</Filter>
    </ClInclude>
    <ClInclude Include="externals\libraw\libraw\libraw_internal.h">
      <Filter>Header Files\libraw</Filter>
    </ClInclude>
    <ClInclude Include="externals\libraw\libraw\libraw_types.h">
      <Filter>Header Files\libraw</Filter>
    </ClInclude>
    <ClInclude Include="externals\libraw\libraw\libraw_version.h">
      <Filter>Header Files\libraw</Filter>
    </ClInclude>
    <ClInclude Include="indigo\indigo_dslr_raw.h">
      <Filter>Header Files\indigo</Filter>
    </ClInclude>
    <ClInclude Include="indigo\indigo_avi.h">
      <Filter>Header Files\indigo</Filter>
    </ClInclude>
    <ClInclude Include="indigo\indigo_ser.h">
      <Filter>Header Files\indigo</Filter>
    </ClInclude>
    <ClInclude Include="indigo\indigo_md5.h">
      <Filter>Header Files\indigo</Filter>
    </ClInclude>
    <ClInclude Include="indigo\indigo_tiff.h">
      <Filter>Header Files\indigo</Filter>
    </ClInclude>
    <ClInclude Include="indigo\indigocat\indigocat_dso.h">
      <Filter>Header Files\indigo\indigo_cat</Filter>
    </ClInclude>
    <ClInclude Include="indigo\indigocat\indigocat_dynamical_time.h">
      <Filter>Header Files\indigo\indigo_cat</Filter>
    </ClInclude>
    <ClInclude Include="indigo\indigocat\indigocat_nutation.h">
      <Filter>Header Files\indigo\indigo_cat</Filter>
    </ClInclude>
    <ClInclude Include="indigo\indigocat\indigocat_precession.h">
      <Filter>Header Files\indigo\indigo_cat</Filter>
    </ClInclude>
    <ClInclude Include="indigo\indigocat\indigocat_solar_system.h">
      <Filter>Header Files\indigo\indigo_cat</Filter>
    </ClInclude>
    <ClInclude Include="indigo\indigocat\indigocat_ss.h">
      <Filter>Header Files\indigo\indigo_cat</Filter>
    </ClInclude>
    <ClInclude Include="indigo\indigocat\indigocat_star.h">
      <Filter>Header Files\indigo\indigo_cat</Filter>
    </ClInclude>
    <ClInclude Include="indigo\indigocat\indigocat_transform.h">
      <Filter>Header Files\indigo\indigo_cat</Filter>
    </ClInclude>
    <ClInclude Include="indigo\indigocat\indigocat_vsop87.h">
      <Filter>Header Files\indigo\indigo_cat</Filter>
    </ClInclude>
    <ClInclude Include="externals\libjpeg\transupp.h">
      <Filter>Header Files\libjpeg</Filter>
    </ClInclude>
    <ClInclude Include="externals\libjpeg\cderror.h">
      <Filter>Header Files\libjpeg</Filter>
    </ClInclude>
    <ClInclude Include="externals\libjpeg\cdjpeg.h">
      <Filter>Header Files\libjpeg</Filter>
    </ClInclude>
    <ClInclude Include="externals\libjpeg\jdct.h">
      <Filter>Header Files\libjpeg</Filter>
    </ClInclude>
    <ClInclude Include="externals\libjpeg\jerror.h">
      <Filter>Header Files\libjpeg</Filter>
    </ClInclude>
    <ClInclude Include="externals\libjpeg\jinclude.h">
      <Filter>Header Files\libjpeg</Filter>
    </ClInclude>
    <ClInclude Include="externals\libjpeg\jmemsys.h">
      <Filter>Header Files\libjpeg</Filter>
    </ClInclude>
    <ClInclude Include="externals\libjpeg\jmorecfg.h">
      <Filter>Header Files\libjpeg</Filter>
    </ClInclude>
    <ClInclude Include="externals\libjpeg\jpegint.h">
      <Filter>Header Files\libjpeg</Filter>
    </ClInclude>
    <ClInclude Include="externals\libjpeg\jpeglib.h">
      <Filter>Header Files\libjpeg</Filter>
    </ClInclude>
    <ClInclude Include="externals\libjpeg\jversion.h">
      <Filter>Header Files\libjpeg</Filter>
    </ClInclude>
    <ClInclude Include="externals\libjpeg\jconfig.h">
      <Filter>Header Files\libjpeg</Filter>
    </ClInclude>
    <ClInclude Include="indigo\indigo_filter.h">
      <Filter>Header Files\indigo</Filter>
    </ClInclude>
  </ItemGroup>
  <ItemGroup>
    <Filter Include="Header Files">
      <UniqueIdentifier>{02fbc171-588d-4cf7-903b-b69fb7d191d2}</UniqueIdentifier>
    </Filter>
    <Filter Include="Source Files">
      <UniqueIdentifier>{97f906a5-08cf-470c-b50a-dedce600318e}</UniqueIdentifier>
    </Filter>
    <Filter Include="Header Files\indigo">
      <UniqueIdentifier>{91f32527-aa3f-4fea-b451-17b73c9ba652}</UniqueIdentifier>
    </Filter>
    <Filter Include="Header Files\zlib">
      <UniqueIdentifier>{c0670309-22c3-4829-9496-d8872c019492}</UniqueIdentifier>
    </Filter>
    <Filter Include="Header Files\pthreads4w">
      <UniqueIdentifier>{a8bb41f7-2d08-482d-93d0-1e17e0a6e5b2}</UniqueIdentifier>
    </Filter>
    <Filter Include="Header Files\bonjour">
      <UniqueIdentifier>{a6326edd-fe04-4043-a303-e641c3817ee5}</UniqueIdentifier>
    </Filter>
    <Filter Include="Source Files\indigo">
      <UniqueIdentifier>{b25a6c2d-dadc-49f4-92f5-69f3c630b0fe}</UniqueIdentifier>
    </Filter>
    <Filter Include="Source Files\bonjour">
      <UniqueIdentifier>{3d6f6f1a-e81f-4b41-9daf-c6bd0da9e3f1}</UniqueIdentifier>
    </Filter>
    <Filter Include="Header Files\libusb">
      <UniqueIdentifier>{a2692e8f-c9a6-4c06-961e-d0fb14e868a3}</UniqueIdentifier>
    </Filter>
    <Filter Include="Header Files\libjpeg">
      <UniqueIdentifier>{9775ecf3-01d3-46c1-8870-04273bf5566a}</UniqueIdentifier>
    </Filter>
    <Filter Include="Source Files\libjpeg">
      <UniqueIdentifier>{e58ce3a2-5a1a-46f1-8fc4-065622762f97}</UniqueIdentifier>
    </Filter>
    <Filter Include="Header Files\libraw">
      <UniqueIdentifier>{c804aa3e-94d3-44c0-8b45-64fb72acbd1d}</UniqueIdentifier>
    </Filter>
    <Filter Include="Source Files\libtiff">
      <UniqueIdentifier>{07da7fb3-f08f-4f74-a143-1f8f0d5878a0}</UniqueIdentifier>
    </Filter>
    <Filter Include="Source Files\indigo\indigo_cat">
      <UniqueIdentifier>{83278e88-7e43-4092-84ed-cadd90cdb80f}</UniqueIdentifier>
    </Filter>
    <Filter Include="Header Files\indigo\indigo_cat">
      <UniqueIdentifier>{cbd9fa5d-1ab2-496d-8d51-f6e70bef853e}</UniqueIdentifier>
    </Filter>
  </ItemGroup>
</Project>