<?xml version="1.0" encoding="utf-8"?>
<Project ToolsVersion="4.0" xmlns="http://schemas.microsoft.com/developer/msbuild/2003">
  <ItemGroup>
    <ClCompile Include="dllmain.cpp">
      <Filter>Source Files</Filter>
    </ClCompile>
    <ClCompile Include="..\..\..\indigo_libs\indigo_base64.c">
      <Filter>Source Files\indigo</Filter>
    </ClCompile>
    <ClCompile Include="..\..\..\indigo_libs\indigo_bus.c">
      <Filter>Source Files\indigo</Filter>
    </ClCompile>
    <ClCompile Include="..\..\..\indigo_libs\indigo_client.c">
      <Filter>Source Files\indigo</Filter>
    </ClCompile>
    <ClCompile Include="..\..\..\indigo_libs\indigo_client_xml.c">
      <Filter>Source Files\indigo</Filter>
    </ClCompile>
    <ClCompile Include="..\..\..\indigo_libs\indigo_server_tcp.c">
      <Filter>Source Files\indigo</Filter>
    </ClCompile>
    <ClCompile Include="..\..\..\indigo_libs\indigo_service_discovery.c">
      <Filter>Source Files\indigo</Filter>
    </ClCompile>
    <ClCompile Include="..\..\..\indigo_libs\indigo_token.c">
      <Filter>Source Files\indigo</Filter>
    </ClCompile>
    <ClCompile Include="..\..\..\indigo_libs\indigo_uni_io.c">
      <Filter>Source Files\indigo</Filter>
    </ClCompile>
    <ClCompile Include="..\..\..\indigo_libs\indigo_version.c">
      <Filter>Source Files\indigo</Filter>
    </ClCompile>
    <ClCompile Include="..\..\..\indigo_libs\indigo_xml.c">
      <Filter>Source Files\indigo</Filter>
    </ClCompile>
    <ClCompile Include="..\..\externals\bonjour-sdk\dnssd_clientlib.c">
      <Filter>Source Files\bonjour</Filter>
    </ClCompile>
    <ClCompile Include="..\..\externals\bonjour-sdk\dnssd_clientstub.c">
      <Filter>Source Files\bonjour</Filter>
    </ClCompile>
    <ClCompile Include="..\..\externals\bonjour-sdk\dnssd_ipc.c">
      <Filter>Source Files\bonjour</Filter>
    </ClCompile>
    <ClCompile Include="..\..\..\indigo_libs\indigo_driver_xml.c">
      <Filter>Source Files\indigo</Filter>
    </ClCompile>
    <ClCompile Include="..\..\..\indigo_libs\indigo_json.c">
      <Filter>Source Files\indigo</Filter>
    </ClCompile>
    <ClCompile Include="..\..\..\indigo_libs\indigo_driver_json.c">
      <Filter>Source Files\indigo</Filter>
    </ClCompile>
    <ClCompile Include="..\..\..\indigo_libs\indigo_driver.c">
      <Filter>Source Files\indigo</Filter>
    </ClCompile>
    <ClCompile Include="..\..\..\indigo_libs\indigo_timer.c">
      <Filter>Source Files\indigo</Filter>
    </ClCompile>
    <ClCompile Include="..\..\..\indigo_libs\indigo_usbserial_utils.c">
      <Filter>Source Files\indigo</Filter>
    </ClCompile>
    <ClCompile Include="..\..\..\indigo_libs\indigo_agent.c">
      <Filter>Source Files\indigo</Filter>
    </ClCompile>
    <ClCompile Include="..\..\..\indigo_libs\indigo_ao_driver.c">
      <Filter>Source Files\indigo</Filter>
    </ClCompile>
    <ClCompile Include="..\..\..\indigo_libs\indigo_aux_driver.c">
      <Filter>Source Files\indigo</Filter>
    </ClCompile>
    <ClCompile Include="..\..\..\indigo_libs\indigo_dome_driver.c">
      <Filter>Source Files\indigo</Filter>
    </ClCompile>
    <ClCompile Include="..\..\..\indigo_libs\indigo_focuser_driver.c">
      <Filter>Source Files\indigo</Filter>
    </ClCompile>
    <ClCompile Include="..\..\..\indigo_libs\indigo_gps_driver.c">
      <Filter>Source Files\indigo</Filter>
    </ClCompile>
    <ClCompile Include="..\..\..\indigo_libs\indigo_guider_driver.c">
      <Filter>Source Files\indigo</Filter>
    </ClCompile>
    <ClCompile Include="..\..\..\indigo_libs\indigo_mount_driver.c">
      <Filter>Source Files\indigo</Filter>
    </ClCompile>
    <ClCompile Include="..\..\..\indigo_libs\indigo_rotator_driver.c">
      <Filter>Source Files\indigo</Filter>
    </ClCompile>
    <ClCompile Include="..\..\..\indigo_libs\indigo_wheel_driver.c">
      <Filter>Source Files\indigo</Filter>
    </ClCompile>
    <ClCompile Include="..\..\..\indigo_libs\indigo_dome_azimuth.c">
      <Filter>Source Files\indigo</Filter>
    </ClCompile>
    <ClCompile Include="..\..\..\indigo_libs\indigo_align.c">
      <Filter>Source Files\indigo</Filter>
    </ClCompile>
  </ItemGroup>
  <ItemGroup>
    <ClInclude Include="..\..\..\indigo_libs\indigo\indigo_base64.h">
      <Filter>Header Files\indigo</Filter>
    </ClInclude>
    <ClInclude Include="..\..\..\indigo_libs\indigo\indigo_base64_luts.h">
      <Filter>Header Files\indigo</Filter>
    </ClInclude>
    <ClInclude Include="..\..\..\indigo_libs\indigo\indigo_bus.h">
      <Filter>Header Files\indigo</Filter>
    </ClInclude>
    <ClInclude Include="..\..\..\indigo_libs\indigo\indigo_client.h">
      <Filter>Header Files\indigo</Filter>
    </ClInclude>
    <ClInclude Include="..\..\..\indigo_libs\indigo\indigo_client_xml.h">
      <Filter>Header Files\indigo</Filter>
    </ClInclude>
    <ClInclude Include="..\..\..\indigo_libs\indigo\indigo_config.h">
      <Filter>Header Files\indigo</Filter>
    </ClInclude>
    <ClInclude Include="..\..\..\indigo_libs\indigo\indigo_service_discovery.h">
      <Filter>Header Files\indigo</Filter>
    </ClInclude>
    <ClInclude Include="..\..\..\indigo_libs\indigo\indigo_token.h">
      <Filter>Header Files\indigo</Filter>
    </ClInclude>
    <ClInclude Include="..\..\..\indigo_libs\indigo\indigo_uni_io.h">
      <Filter>Header Files\indigo</Filter>
    </ClInclude>
    <ClInclude Include="..\..\..\indigo_libs\indigo\indigo_version.h">
      <Filter>Header Files\indigo</Filter>
    </ClInclude>
    <ClInclude Include="..\..\..\indigo_libs\indigo\indigo_xml.h">
      <Filter>Header Files\indigo</Filter>
    </ClInclude>
    <ClInclude Include="..\..\externals\zlib\include\inffast.h">
      <Filter>Header Files\zlib</Filter>
    </ClInclude>
    <ClInclude Include="..\..\externals\zlib\include\deflate.h">
      <Filter>Header Files\zlib</Filter>
    </ClInclude>
    <ClInclude Include="..\..\externals\zlib\include\inffixed.h">
      <Filter>Header Files\zlib</Filter>
    </ClInclude>
    <ClInclude Include="..\..\externals\zlib\include\inflate.h">
      <Filter>Header Files\zlib</Filter>
    </ClInclude>
    <ClInclude Include="..\..\externals\zlib\include\inftrees.h">
      <Filter>Header Files\zlib</Filter>
    </ClInclude>
    <ClInclude Include="..\..\externals\zlib\include\trees.h">
      <Filter>Header Files\zlib</Filter>
    </ClInclude>
    <ClInclude Include="..\..\externals\zlib\include\zconf.h">
      <Filter>Header Files\zlib</Filter>
    </ClInclude>
    <ClInclude Include="..\..\externals\zlib\include\zlib.h">
      <Filter>Header Files\zlib</Filter>
    </ClInclude>
    <ClInclude Include="..\..\externals\zlib\include\zutil.h">
      <Filter>Header Files\zlib</Filter>
    </ClInclude>
    <ClInclude Include="..\..\externals\pthreads4w\include\_ptw32.h">
      <Filter>Header Files\pthreads4w</Filter>
    </ClInclude>
    <ClInclude Include="..\..\externals\zlib\include\crc32.h">
      <Filter>Header Files\zlib</Filter>
    </ClInclude>
    <ClInclude Include="..\..\externals\bonjour-sdk\CommonServices.h">
      <Filter>Header Files\bonjour</Filter>
    </ClInclude>
    <ClInclude Include="..\..\externals\bonjour-sdk\DebugServices.h">
      <Filter>Header Files\bonjour</Filter>
    </ClInclude>
    <ClInclude Include="..\..\externals\bonjour-sdk\dns_sd.h">
      <Filter>Header Files\bonjour</Filter>
    </ClInclude>
    <ClInclude Include="..\..\externals\bonjour-sdk\dnssd_ipc.h">
      <Filter>Header Files\bonjour</Filter>
    </ClInclude>
    <ClInclude Include="..\..\externals\pthreads4w\include\pthread.h">
      <Filter>Header Files\pthreads4w</Filter>
    </ClInclude>
    <ClInclude Include="..\..\externals\pthreads4w\include\sched.h">
      <Filter>Header Files\pthreads4w</Filter>
    </ClInclude>
    <ClInclude Include="..\..\externals\pthreads4w\include\semaphore.h">
      <Filter>Header Files\pthreads4w</Filter>
    </ClInclude>
    <ClInclude Include="..\..\externals\zlib\include\gzguts.h">
      <Filter>Header Files\zlib</Filter>
    </ClInclude>
    <ClInclude Include="..\..\..\indigo_libs\indigo\indigo_json.h">
      <Filter>Header Files\indigo</Filter>
    </ClInclude>
    <ClInclude Include="..\..\..\indigo_libs\indigo\indigo_driver_json.h">
      <Filter>Header Files\indigo</Filter>
    </ClInclude>
    <ClInclude Include="..\..\..\indigo_libs\indigo\indigo_driver.h">
      <Filter>Header Files\indigo</Filter>
    </ClInclude>
    <ClInclude Include="..\..\externals\libusb\include\libusb.h">
      <Filter>Header Files\libusb</Filter>
    </ClInclude>
    <ClInclude Include="..\..\..\indigo_libs\indigo\indigo_timer.h">
      <Filter>Header Files\indigo</Filter>
    </ClInclude>
    <ClInclude Include="..\..\..\indigo_libs\indigo\indigo_usbserial_utils.h">
      <Filter>Header Files\indigo</Filter>
    </ClInclude>
    <ClInclude Include="..\..\..\indigo_libs\indigo\indigo_agent.h">
      <Filter>Header Files\indigo</Filter>
    </ClInclude>
    <ClInclude Include="..\..\..\indigo_libs\indigo\indigo_ao_driver.h">
      <Filter>Header Files\indigo</Filter>
    </ClInclude>
    <ClInclude Include="..\..\..\indigo_libs\indigo\indigo_aux_driver.h">
      <Filter>Header Files\indigo</Filter>
    </ClInclude>
    <ClInclude Include="..\..\..\indigo_libs\indigo\indigo_ccd_driver.h">
      <Filter>Header Files\indigo</Filter>
    </ClInclude>
    <ClInclude Include="..\..\..\indigo_libs\indigo\indigo_dome_driver.h">
      <Filter>Header Files\indigo</Filter>
    </ClInclude>
    <ClInclude Include="..\..\..\indigo_libs\indigo\indigo_focuser_driver.h">
      <Filter>Header Files\indigo</Filter>
    </ClInclude>
    <ClInclude Include="..\..\..\indigo_libs\indigo\indigo_gps_driver.h">
      <Filter>Header Files\indigo</Filter>
    </ClInclude>
    <ClInclude Include="..\..\..\indigo_libs\indigo\indigo_guider_driver.h">
      <Filter>Header Files\indigo</Filter>
    </ClInclude>
    <ClInclude Include="..\..\..\indigo_libs\indigo\indigo_mount_driver.h">
      <Filter>Header Files\indigo</Filter>
    </ClInclude>
    <ClInclude Include="..\..\..\indigo_libs\indigo\indigo_rotator_driver.h">
      <Filter>Header Files\indigo</Filter>
    </ClInclude>
    <ClInclude Include="..\..\..\indigo_libs\indigo\indigo_wheel_driver.h">
      <Filter>Header Files\indigo</Filter>
    </ClInclude>
    <ClInclude Include="..\..\..\indigo_libs\indigo\indigo_dome_azimuth.h">
      <Filter>Header Files\indigo</Filter>
    </ClInclude>
    <ClInclude Include="..\..\..\indigo_libs\indigo\indigo_align.h">
      <Filter>Header Files\indigo</Filter>
    </ClInclude>
  </ItemGroup>
  <ItemGroup>
    <Filter Include="Header Files">
      <UniqueIdentifier>{02fbc171-588d-4cf7-903b-b69fb7d191d2}</UniqueIdentifier>
    </Filter>
    <Filter Include="Source Files">
      <UniqueIdentifier>{97f906a5-08cf-470c-b50a-dedce600318e}</UniqueIdentifier>
    </Filter>
    <Filter Include="Header Files\indigo">
      <UniqueIdentifier>{91f32527-aa3f-4fea-b451-17b73c9ba652}</UniqueIdentifier>
    </Filter>
    <Filter Include="Header Files\zlib">
      <UniqueIdentifier>{c0670309-22c3-4829-9496-d8872c019492}</UniqueIdentifier>
    </Filter>
    <Filter Include="Header Files\pthreads4w">
      <UniqueIdentifier>{a8bb41f7-2d08-482d-93d0-1e17e0a6e5b2}</UniqueIdentifier>
    </Filter>
    <Filter Include="Header Files\bonjour">
      <UniqueIdentifier>{a6326edd-fe04-4043-a303-e641c3817ee5}</UniqueIdentifier>
    </Filter>
    <Filter Include="Source Files\indigo">
      <UniqueIdentifier>{b25a6c2d-dadc-49f4-92f5-69f3c630b0fe}</UniqueIdentifier>
    </Filter>
    <Filter Include="Source Files\bonjour">
      <UniqueIdentifier>{3d6f6f1a-e81f-4b41-9daf-c6bd0da9e3f1}</UniqueIdentifier>
    </Filter>
    <Filter Include="Header Files\libusb">
      <UniqueIdentifier>{a2692e8f-c9a6-4c06-961e-d0fb14e868a3}</UniqueIdentifier>
    </Filter>
  </ItemGroup>
</Project>