// !$*UTF8*$!
{
	archiveVersion = 1;
	classes = {
	};
	objectVersion = 46;
	objects = {

/* Begin PBXBuildFile section */
		5909FF851D97E13700812523 /* indigo_xml.c in Sources */ = {isa = PBXBuildFile; fileRef = 59D381CD1D96AB9500E87393 /* indigo_xml.c */; };
		592662B11D9590630021746A /* test.c in Sources */ = {isa = PBXBuildFile; fileRef = 592662B01D9590630021746A /* test.c */; };
		599C9A301D9D8C8C008BBCC1 /* indigo_timer.c in Sources */ = {isa = PBXBuildFile; fileRef = 599C9A2E1D9D8C8C008BBCC1 /* indigo_timer.c */; };
		599C9A311D9DA311008BBCC1 /* indigo_timer.c in Sources */ = {isa = PBXBuildFile; fileRef = 599C9A2E1D9D8C8C008BBCC1 /* indigo_timer.c */; };
		599C9A321D9DA317008BBCC1 /* indigo_timer.c in Sources */ = {isa = PBXBuildFile; fileRef = 599C9A2E1D9D8C8C008BBCC1 /* indigo_timer.c */; };
		59D381CA1D96A8E400E87393 /* indigo_driver.c in Sources */ = {isa = PBXBuildFile; fileRef = 59D381BF1D965FDA00E87393 /* indigo_driver.c */; };
		59D381CB1D96A8E700E87393 /* ccd_simulator.c in Sources */ = {isa = PBXBuildFile; fileRef = 59D381AB1D95996100E87393 /* ccd_simulator.c */; };
		59D381CC1D96A8EA00E87393 /* indigo_bus.c in Sources */ = {isa = PBXBuildFile; fileRef = 59D381A81D9592A400E87393 /* indigo_bus.c */; };
		59D381FE1D97085600E87393 /* indigo_driver.c in Sources */ = {isa = PBXBuildFile; fileRef = 59D381BF1D965FDA00E87393 /* indigo_driver.c */; };
		59D381FF1D97085600E87393 /* ccd_simulator.c in Sources */ = {isa = PBXBuildFile; fileRef = 59D381AB1D95996100E87393 /* ccd_simulator.c */; };
		59D382001D97085600E87393 /* indigo_bus.c in Sources */ = {isa = PBXBuildFile; fileRef = 59D381A81D9592A400E87393 /* indigo_bus.c */; };
		59D382011D97085600E87393 /* indigo_xml.c in Sources */ = {isa = PBXBuildFile; fileRef = 59D381CD1D96AB9500E87393 /* indigo_xml.c */; };
		59D382021D97085600E87393 /* driver.c in Sources */ = {isa = PBXBuildFile; fileRef = 59D381F11D9705EF00E87393 /* driver.c */; };
		59D382051D9720C200E87393 /* indigo_driver_xml.c in Sources */ = {isa = PBXBuildFile; fileRef = 59D382031D9720C200E87393 /* indigo_driver_xml.c */; };
		59D382131D97345D00E87393 /* indigo_bus.c in Sources */ = {isa = PBXBuildFile; fileRef = 59D381A81D9592A400E87393 /* indigo_bus.c */; };
		59D382141D97345D00E87393 /* indigo_xml.c in Sources */ = {isa = PBXBuildFile; fileRef = 59D381CD1D96AB9500E87393 /* indigo_xml.c */; };
		59D382151D97345D00E87393 /* indigo_client_xml.c in Sources */ = {isa = PBXBuildFile; fileRef = 59D382061D97314C00E87393 /* indigo_client_xml.c */; };
		59D382171D97348500E87393 /* client.c in Sources */ = {isa = PBXBuildFile; fileRef = 59D382161D97348500E87393 /* client.c */; };
		9D97F80B1D9A8A1900582EAF /* indigo_driver.c in Sources */ = {isa = PBXBuildFile; fileRef = 59D381BF1D965FDA00E87393 /* indigo_driver.c */; };
		9D97F80C1D9A8A1900582EAF /* indigo_ccd_driver.c in Sources */ = {isa = PBXBuildFile; fileRef = 9DF2329F1D994C52000158B7 /* indigo_ccd_driver.c */; };
		9D97F80D1D9A8A1900582EAF /* ccd_simulator.c in Sources */ = {isa = PBXBuildFile; fileRef = 59D381AB1D95996100E87393 /* ccd_simulator.c */; };
		9D97F80E1D9A8A1900582EAF /* indigo_bus.c in Sources */ = {isa = PBXBuildFile; fileRef = 59D381A81D9592A400E87393 /* indigo_bus.c */; };
		9D97F80F1D9A8A1900582EAF /* indigo_xml.c in Sources */ = {isa = PBXBuildFile; fileRef = 59D381CD1D96AB9500E87393 /* indigo_xml.c */; };
		9D97F8111D9A8A1900582EAF /* indigo_driver_xml.c in Sources */ = {isa = PBXBuildFile; fileRef = 59D382031D9720C200E87393 /* indigo_driver_xml.c */; };
		9D97F8191D9A8A4600582EAF /* indigo_server_xml.c in Sources */ = {isa = PBXBuildFile; fileRef = 9D97F8061D9A89ED00582EAF /* indigo_server_xml.c */; };
		9D97F81B1D9A8A5D00582EAF /* server.c in Sources */ = {isa = PBXBuildFile; fileRef = 9D97F81A1D9A8A5D00582EAF /* server.c */; };
		9DF232A11D994C52000158B7 /* indigo_ccd_driver.c in Sources */ = {isa = PBXBuildFile; fileRef = 9DF2329F1D994C52000158B7 /* indigo_ccd_driver.c */; };
		9DF232A21D994C52000158B7 /* indigo_ccd_driver.c in Sources */ = {isa = PBXBuildFile; fileRef = 9DF2329F1D994C52000158B7 /* indigo_ccd_driver.c */; };
/* End PBXBuildFile section */

/* Begin PBXContainerItemProxy section */
		599C9A291D9993EB008BBCC1 /* PBXContainerItemProxy */ = {
			isa = PBXContainerItemProxy;
			containerPortal = 592662A51D9590630021746A /* Project object */;
			proxyType = 1;
			remoteGlobalIDString = 59D381F61D97083A00E87393;
			remoteInfo = driver;
		};
		9D97F81C1D9A900F00582EAF /* PBXContainerItemProxy */ = {
			isa = PBXContainerItemProxy;
			containerPortal = 592662A51D9590630021746A /* Project object */;
			proxyType = 1;
			remoteGlobalIDString = 59D381F61D97083A00E87393;
			remoteInfo = driver;
		};
/* End PBXContainerItemProxy section */

/* Begin PBXCopyFilesBuildPhase section */
		592662AB1D9590630021746A /* CopyFiles */ = {
			isa = PBXCopyFilesBuildPhase;
			buildActionMask = 2147483647;
			dstPath = /usr/share/man/man1/;
			dstSubfolderSpec = 0;
			files = (
			);
			runOnlyForDeploymentPostprocessing = 1;
		};
		59D381F51D97083A00E87393 /* CopyFiles */ = {
			isa = PBXCopyFilesBuildPhase;
			buildActionMask = 2147483647;
			dstPath = /usr/share/man/man1/;
			dstSubfolderSpec = 0;
			files = (
			);
			runOnlyForDeploymentPostprocessing = 1;
		};
		59D3820A1D97343000E87393 /* CopyFiles */ = {
			isa = PBXCopyFilesBuildPhase;
			buildActionMask = 2147483647;
			dstPath = /usr/share/man/man1/;
			dstSubfolderSpec = 0;
			files = (
			);
			runOnlyForDeploymentPostprocessing = 1;
		};
		9D97F8131D9A8A1900582EAF /* CopyFiles */ = {
			isa = PBXCopyFilesBuildPhase;
			buildActionMask = 2147483647;
			dstPath = /usr/share/man/man1/;
			dstSubfolderSpec = 0;
			files = (
			);
			runOnlyForDeploymentPostprocessing = 1;
		};
/* End PBXCopyFilesBuildPhase section */

/* Begin PBXFileReference section */
		592662AD1D9590630021746A /* test */ = {isa = PBXFileReference; explicitFileType = "compiled.mach-o.executable"; includeInIndex = 0; path = test; sourceTree = BUILT_PRODUCTS_DIR; };
		592662B01D9590630021746A /* test.c */ = {isa = PBXFileReference; lastKnownFileType = sourcecode.c.c; path = test.c; sourceTree = "<group>"; };
		599C9A281D998345008BBCC1 /* indigo_config.h */ = {isa = PBXFileReference; lastKnownFileType = sourcecode.c.h; path = indigo_config.h; sourceTree = "<group>"; };
		599C9A2E1D9D8C8C008BBCC1 /* indigo_timer.c */ = {isa = PBXFileReference; fileEncoding = 4; lastKnownFileType = sourcecode.c.c; path = indigo_timer.c; sourceTree = "<group>"; };
		599C9A2F1D9D8C8C008BBCC1 /* indigo_timer.h */ = {isa = PBXFileReference; fileEncoding = 4; lastKnownFileType = sourcecode.c.h; path = indigo_timer.h; sourceTree = "<group>"; };
		59D381A71D95926E00E87393 /* indigo_bus.h */ = {isa = PBXFileReference; lastKnownFileType = sourcecode.c.h; name = indigo_bus.h; path = indigo_bus/indigo_bus.h; sourceTree = SOURCE_ROOT; wrapsLines = 0; };
		59D381A81D9592A400E87393 /* indigo_bus.c */ = {isa = PBXFileReference; fileEncoding = 4; lastKnownFileType = sourcecode.c.c; name = indigo_bus.c; path = indigo_bus/indigo_bus.c; sourceTree = SOURCE_ROOT; };
		59D381AB1D95996100E87393 /* ccd_simulator.c */ = {isa = PBXFileReference; fileEncoding = 4; lastKnownFileType = sourcecode.c.c; path = ccd_simulator.c; sourceTree = "<group>"; };
		59D381AC1D95996100E87393 /* ccd_simulator.h */ = {isa = PBXFileReference; fileEncoding = 4; lastKnownFileType = sourcecode.c.h; path = ccd_simulator.h; sourceTree = "<group>"; };
		59D381BF1D965FDA00E87393 /* indigo_driver.c */ = {isa = PBXFileReference; fileEncoding = 4; lastKnownFileType = sourcecode.c.c; path = indigo_driver.c; sourceTree = "<group>"; };
		59D381C01D965FDA00E87393 /* indigo_driver.h */ = {isa = PBXFileReference; fileEncoding = 4; lastKnownFileType = sourcecode.c.h; path = indigo_driver.h; sourceTree = "<group>"; };
		59D381C71D96A33D00E87393 /* README.md */ = {isa = PBXFileReference; lastKnownFileType = net.daringfireball.markdown; path = README.md; sourceTree = "<group>"; wrapsLines = 1; };
		59D381C81D96A39400E87393 /* LICENSE.md */ = {isa = PBXFileReference; lastKnownFileType = net.daringfireball.markdown; path = LICENSE.md; sourceTree = "<group>"; };
		59D381C91D96A4E800E87393 /* Makefile */ = {isa = PBXFileReference; lastKnownFileType = sourcecode.make; path = Makefile; sourceTree = "<group>"; usesTabs = 1; };
		59D381CD1D96AB9500E87393 /* indigo_xml.c */ = {isa = PBXFileReference; fileEncoding = 4; lastKnownFileType = sourcecode.c.c; path = indigo_xml.c; sourceTree = "<group>"; };
		59D381CE1D96AB9500E87393 /* indigo_xml.h */ = {isa = PBXFileReference; fileEncoding = 4; lastKnownFileType = sourcecode.c.h; path = indigo_xml.h; sourceTree = "<group>"; };
		59D381F11D9705EF00E87393 /* driver.c */ = {isa = PBXFileReference; fileEncoding = 4; lastKnownFileType = sourcecode.c.c; path = driver.c; sourceTree = "<group>"; };
		59D381F71D97083A00E87393 /* driver */ = {isa = PBXFileReference; explicitFileType = "compiled.mach-o.executable"; includeInIndex = 0; path = driver; sourceTree = BUILT_PRODUCTS_DIR; };
		59D382031D9720C200E87393 /* indigo_driver_xml.c */ = {isa = PBXFileReference; fileEncoding = 4; lastKnownFileType = sourcecode.c.c; path = indigo_driver_xml.c; sourceTree = "<group>"; };
		59D382041D9720C200E87393 /* indigo_driver_xml.h */ = {isa = PBXFileReference; fileEncoding = 4; lastKnownFileType = sourcecode.c.h; path = indigo_driver_xml.h; sourceTree = "<group>"; };
		59D382061D97314C00E87393 /* indigo_client_xml.c */ = {isa = PBXFileReference; lastKnownFileType = sourcecode.c.c; path = indigo_client_xml.c; sourceTree = "<group>"; };
		59D382071D97314C00E87393 /* indigo_client_xml.h */ = {isa = PBXFileReference; lastKnownFileType = sourcecode.c.h; path = indigo_client_xml.h; sourceTree = "<group>"; };
		59D3820C1D97343000E87393 /* client */ = {isa = PBXFileReference; explicitFileType = "compiled.mach-o.executable"; includeInIndex = 0; path = client; sourceTree = BUILT_PRODUCTS_DIR; };
		59D382161D97348500E87393 /* client.c */ = {isa = PBXFileReference; fileEncoding = 4; lastKnownFileType = sourcecode.c.c; path = client.c; sourceTree = "<group>"; };
		9D97F8061D9A89ED00582EAF /* indigo_server_xml.c */ = {isa = PBXFileReference; fileEncoding = 4; lastKnownFileType = sourcecode.c.c; path = indigo_server_xml.c; sourceTree = "<group>"; };
		9D97F8071D9A89ED00582EAF /* indigo_server_xml.h */ = {isa = PBXFileReference; fileEncoding = 4; lastKnownFileType = sourcecode.c.h; path = indigo_server_xml.h; sourceTree = "<group>"; };
		9D97F8171D9A8A1900582EAF /* server */ = {isa = PBXFileReference; explicitFileType = "compiled.mach-o.executable"; includeInIndex = 0; path = server; sourceTree = BUILT_PRODUCTS_DIR; };
		9D97F81A1D9A8A5D00582EAF /* server.c */ = {isa = PBXFileReference; fileEncoding = 4; lastKnownFileType = sourcecode.c.c; path = server.c; sourceTree = "<group>"; };
		9DF2329F1D994C52000158B7 /* indigo_ccd_driver.c */ = {isa = PBXFileReference; fileEncoding = 4; lastKnownFileType = sourcecode.c.c; path = indigo_ccd_driver.c; sourceTree = "<group>"; };
		9DF232A01D994C52000158B7 /* indigo_ccd_driver.h */ = {isa = PBXFileReference; fileEncoding = 4; lastKnownFileType = sourcecode.c.h; path = indigo_ccd_driver.h; sourceTree = "<group>"; };
/* End PBXFileReference section */

/* Begin PBXFrameworksBuildPhase section */
		592662AA1D9590630021746A /* Frameworks */ = {
			isa = PBXFrameworksBuildPhase;
			buildActionMask = 2147483647;
			files = (
			);
			runOnlyForDeploymentPostprocessing = 0;
		};
		59D381F41D97083A00E87393 /* Frameworks */ = {
			isa = PBXFrameworksBuildPhase;
			buildActionMask = 2147483647;
			files = (
			);
			runOnlyForDeploymentPostprocessing = 0;
		};
		59D382091D97343000E87393 /* Frameworks */ = {
			isa = PBXFrameworksBuildPhase;
			buildActionMask = 2147483647;
			files = (
			);
			runOnlyForDeploymentPostprocessing = 0;
		};
		9D97F8121D9A8A1900582EAF /* Frameworks */ = {
			isa = PBXFrameworksBuildPhase;
			buildActionMask = 2147483647;
			files = (
			);
			runOnlyForDeploymentPostprocessing = 0;
		};
/* End PBXFrameworksBuildPhase section */

/* Begin PBXGroup section */
		592662A41D9590630021746A = {
			isa = PBXGroup;
			children = (
				59D381C91D96A4E800E87393 /* Makefile */,
				59D381C81D96A39400E87393 /* LICENSE.md */,
				59D381C71D96A33D00E87393 /* README.md */,
				59D381AF1D95998300E87393 /* indigo_drivers */,
				59D381A61D9590EA00E87393 /* indigo_bus */,
				592662AF1D9590630021746A /* indigo_test */,
				592662AE1D9590630021746A /* Products */,
			);
			sourceTree = "<group>";
			wrapsLines = 0;
		};
		592662AE1D9590630021746A /* Products */ = {
			isa = PBXGroup;
			children = (
				592662AD1D9590630021746A /* test */,
				59D381F71D97083A00E87393 /* driver */,
				59D3820C1D97343000E87393 /* client */,
				9D97F8171D9A8A1900582EAF /* server */,
			);
			name = Products;
			sourceTree = "<group>";
		};
		592662AF1D9590630021746A /* indigo_test */ = {
			isa = PBXGroup;
			children = (
				592662B01D9590630021746A /* test.c */,
				59D381F11D9705EF00E87393 /* driver.c */,
				9D97F81A1D9A8A5D00582EAF /* server.c */,
				59D382161D97348500E87393 /* client.c */,
			);
			path = indigo_test;
			sourceTree = "<group>";
		};
		59D381A61D9590EA00E87393 /* indigo_bus */ = {
			isa = PBXGroup;
			children = (
				599C9A281D998345008BBCC1 /* indigo_config.h */,
				59D381A71D95926E00E87393 /* indigo_bus.h */,
				59D381A81D9592A400E87393 /* indigo_bus.c */,
				59D381CE1D96AB9500E87393 /* indigo_xml.h */,
				59D381CD1D96AB9500E87393 /* indigo_xml.c */,
				59D382041D9720C200E87393 /* indigo_driver_xml.h */,
				59D382031D9720C200E87393 /* indigo_driver_xml.c */,
				59D382071D97314C00E87393 /* indigo_client_xml.h */,
				59D382061D97314C00E87393 /* indigo_client_xml.c */,
				9D97F8071D9A89ED00582EAF /* indigo_server_xml.h */,
				9D97F8061D9A89ED00582EAF /* indigo_server_xml.c */,
				599C9A2F1D9D8C8C008BBCC1 /* indigo_timer.h */,
				599C9A2E1D9D8C8C008BBCC1 /* indigo_timer.c */,
			);
			path = indigo_bus;
			sourceTree = "<group>";
		};
		59D381AA1D95984D00E87393 /* ccd_simulator */ = {
			isa = PBXGroup;
			children = (
				59D381AB1D95996100E87393 /* ccd_simulator.c */,
				59D381AC1D95996100E87393 /* ccd_simulator.h */,
			);
			path = ccd_simulator;
			sourceTree = "<group>";
		};
		59D381AF1D95998300E87393 /* indigo_drivers */ = {
			isa = PBXGroup;
			children = (
				59D381C01D965FDA00E87393 /* indigo_driver.h */,
				59D381BF1D965FDA00E87393 /* indigo_driver.c */,
				9DF232A01D994C52000158B7 /* indigo_ccd_driver.h */,
				9DF2329F1D994C52000158B7 /* indigo_ccd_driver.c */,
				59D381AA1D95984D00E87393 /* ccd_simulator */,
			);
			path = indigo_drivers;
			sourceTree = "<group>";
		};
/* End PBXGroup section */

/* Begin PBXNativeTarget section */
		592662AC1D9590630021746A /* test */ = {
			isa = PBXNativeTarget;
			buildConfigurationList = 592662B41D9590630021746A /* Build configuration list for PBXNativeTarget "test" */;
			buildPhases = (
				592662A91D9590630021746A /* Sources */,
				592662AA1D9590630021746A /* Frameworks */,
				592662AB1D9590630021746A /* CopyFiles */,
			);
			buildRules = (
			);
			dependencies = (
			);
			name = test;
			productName = "indigo-test";
			productReference = 592662AD1D9590630021746A /* test */;
			productType = "com.apple.product-type.tool";
		};
		59D381F61D97083A00E87393 /* driver */ = {
			isa = PBXNativeTarget;
			buildConfigurationList = 59D381FB1D97083A00E87393 /* Build configuration list for PBXNativeTarget "driver" */;
			buildPhases = (
				59D381F31D97083A00E87393 /* Sources */,
				59D381F41D97083A00E87393 /* Frameworks */,
				59D381F51D97083A00E87393 /* CopyFiles */,
			);
			buildRules = (
			);
			dependencies = (
			);
			name = driver;
			productName = driver;
			productReference = 59D381F71D97083A00E87393 /* driver */;
			productType = "com.apple.product-type.tool";
		};
		59D3820B1D97343000E87393 /* client */ = {
			isa = PBXNativeTarget;
			buildConfigurationList = 59D382101D97343000E87393 /* Build configuration list for PBXNativeTarget "client" */;
			buildPhases = (
				59D382081D97343000E87393 /* Sources */,
				59D382091D97343000E87393 /* Frameworks */,
				59D3820A1D97343000E87393 /* CopyFiles */,
			);
			buildRules = (
			);
			dependencies = (
				599C9A2A1D9993EB008BBCC1 /* PBXTargetDependency */,
			);
			name = client;
			productName = client;
			productReference = 59D3820C1D97343000E87393 /* client */;
			productType = "com.apple.product-type.tool";
		};
		9D97F8091D9A8A1900582EAF /* server */ = {
			isa = PBXNativeTarget;
			buildConfigurationList = 9D97F8141D9A8A1900582EAF /* Build configuration list for PBXNativeTarget "server" */;
			buildPhases = (
				9D97F80A1D9A8A1900582EAF /* Sources */,
				9D97F8121D9A8A1900582EAF /* Frameworks */,
				9D97F8131D9A8A1900582EAF /* CopyFiles */,
			);
			buildRules = (
			);
			dependencies = (
				9D97F81D1D9A900F00582EAF /* PBXTargetDependency */,
			);
			name = server;
			productName = driver;
			productReference = 9D97F8171D9A8A1900582EAF /* server */;
			productType = "com.apple.product-type.tool";
		};
/* End PBXNativeTarget section */

/* Begin PBXProject section */
		592662A51D9590630021746A /* Project object */ = {
			isa = PBXProject;
			attributes = {
				LastUpgradeCheck = 0800;
				ORGANIZATIONNAME = "CloudMakers, s. r. o.";
				TargetAttributes = {
					592662AC1D9590630021746A = {
						CreatedOnToolsVersion = 8.0;
						ProvisioningStyle = Automatic;
					};
					59D381F61D97083A00E87393 = {
						CreatedOnToolsVersion = 8.0;
						ProvisioningStyle = Automatic;
					};
					59D3820B1D97343000E87393 = {
						CreatedOnToolsVersion = 8.0;
						ProvisioningStyle = Automatic;
					};
				};
			};
			buildConfigurationList = 592662A81D9590630021746A /* Build configuration list for PBXProject "indigo" */;
			compatibilityVersion = "Xcode 3.2";
			developmentRegion = English;
			hasScannedForEncodings = 0;
			knownRegions = (
				en,
			);
			mainGroup = 592662A41D9590630021746A;
			productRefGroup = 592662AE1D9590630021746A /* Products */;
			projectDirPath = "";
			projectRoot = "";
			targets = (
				592662AC1D9590630021746A /* test */,
				59D381F61D97083A00E87393 /* driver */,
				59D3820B1D97343000E87393 /* client */,
				9D97F8091D9A8A1900582EAF /* server */,
			);
		};
/* End PBXProject section */

/* Begin PBXSourcesBuildPhase section */
		592662A91D9590630021746A /* Sources */ = {
			isa = PBXSourcesBuildPhase;
			buildActionMask = 2147483647;
			files = (
				59D381CC1D96A8EA00E87393 /* indigo_bus.c in Sources */,
				592662B11D9590630021746A /* test.c in Sources */,
				9DF232A11D994C52000158B7 /* indigo_ccd_driver.c in Sources */,
				59D381CB1D96A8E700E87393 /* ccd_simulator.c in Sources */,
				5909FF851D97E13700812523 /* indigo_xml.c in Sources */,
				599C9A301D9D8C8C008BBCC1 /* indigo_timer.c in Sources */,
				59D381CA1D96A8E400E87393 /* indigo_driver.c in Sources */,
			);
			runOnlyForDeploymentPostprocessing = 0;
		};
		59D381F31D97083A00E87393 /* Sources */ = {
			isa = PBXSourcesBuildPhase;
			buildActionMask = 2147483647;
			files = (
				59D381FE1D97085600E87393 /* indigo_driver.c in Sources */,
				599C9A311D9DA311008BBCC1 /* indigo_timer.c in Sources */,
				9DF232A21D994C52000158B7 /* indigo_ccd_driver.c in Sources */,
				59D381FF1D97085600E87393 /* ccd_simulator.c in Sources */,
				59D382001D97085600E87393 /* indigo_bus.c in Sources */,
				59D382011D97085600E87393 /* indigo_xml.c in Sources */,
				59D382021D97085600E87393 /* driver.c in Sources */,
				59D382051D9720C200E87393 /* indigo_driver_xml.c in Sources */,
			);
			runOnlyForDeploymentPostprocessing = 0;
		};
		59D382081D97343000E87393 /* Sources */ = {
			isa = PBXSourcesBuildPhase;
			buildActionMask = 2147483647;
			files = (
				59D382171D97348500E87393 /* client.c in Sources */,
				59D382131D97345D00E87393 /* indigo_bus.c in Sources */,
				59D382141D97345D00E87393 /* indigo_xml.c in Sources */,
				59D382151D97345D00E87393 /* indigo_client_xml.c in Sources */,
			);
			runOnlyForDeploymentPostprocessing = 0;
		};
		9D97F80A1D9A8A1900582EAF /* Sources */ = {
			isa = PBXSourcesBuildPhase;
			buildActionMask = 2147483647;
			files = (
				9D97F81B1D9A8A5D00582EAF /* server.c in Sources */,
				9D97F8191D9A8A4600582EAF /* indigo_server_xml.c in Sources */,
				9D97F80B1D9A8A1900582EAF /* indigo_driver.c in Sources */,
				9D97F80C1D9A8A1900582EAF /* indigo_ccd_driver.c in Sources */,
				599C9A321D9DA317008BBCC1 /* indigo_timer.c in Sources */,
				9D97F80D1D9A8A1900582EAF /* ccd_simulator.c in Sources */,
				9D97F80E1D9A8A1900582EAF /* indigo_bus.c in Sources */,
				9D97F80F1D9A8A1900582EAF /* indigo_xml.c in Sources */,
				9D97F8111D9A8A1900582EAF /* indigo_driver_xml.c in Sources */,
			);
			runOnlyForDeploymentPostprocessing = 0;
		};
/* End PBXSourcesBuildPhase section */

/* Begin PBXTargetDependency section */
		599C9A2A1D9993EB008BBCC1 /* PBXTargetDependency */ = {
			isa = PBXTargetDependency;
			target = 59D381F61D97083A00E87393 /* driver */;
			targetProxy = 599C9A291D9993EB008BBCC1 /* PBXContainerItemProxy */;
		};
		9D97F81D1D9A900F00582EAF /* PBXTargetDependency */ = {
			isa = PBXTargetDependency;
			target = 59D381F61D97083A00E87393 /* driver */;
			targetProxy = 9D97F81C1D9A900F00582EAF /* PBXContainerItemProxy */;
		};
/* End PBXTargetDependency section */

/* Begin XCBuildConfiguration section */
		592662B21D9590630021746A /* Debug */ = {
			isa = XCBuildConfiguration;
			buildSettings = {
				ALWAYS_SEARCH_USER_PATHS = NO;
				CLANG_ANALYZER_NONNULL = YES;
				CLANG_CXX_LANGUAGE_STANDARD = "gnu++0x";
				CLANG_CXX_LIBRARY = "libc++";
				CLANG_ENABLE_MODULES = YES;
				CLANG_ENABLE_OBJC_ARC = YES;
				CLANG_WARN_BOOL_CONVERSION = YES;
				CLANG_WARN_CONSTANT_CONVERSION = YES;
				CLANG_WARN_DIRECT_OBJC_ISA_USAGE = YES_ERROR;
				CLANG_WARN_DOCUMENTATION_COMMENTS = YES;
				CLANG_WARN_EMPTY_BODY = YES;
				CLANG_WARN_ENUM_CONVERSION = YES;
				CLANG_WARN_INFINITE_RECURSION = YES;
				CLANG_WARN_INT_CONVERSION = YES;
				CLANG_WARN_OBJC_ROOT_CLASS = YES_ERROR;
				CLANG_WARN_SUSPICIOUS_MOVES = YES;
				CLANG_WARN_UNREACHABLE_CODE = YES;
				CLANG_WARN__DUPLICATE_METHOD_MATCH = YES;
				CODE_SIGN_IDENTITY = "-";
				COPY_PHASE_STRIP = NO;
				DEBUG_INFORMATION_FORMAT = dwarf;
				ENABLE_STRICT_OBJC_MSGSEND = YES;
				ENABLE_TESTABILITY = YES;
				GCC_C_LANGUAGE_STANDARD = gnu99;
				GCC_DYNAMIC_NO_PIC = NO;
				GCC_NO_COMMON_BLOCKS = YES;
				GCC_OPTIMIZATION_LEVEL = 0;
				GCC_PREPROCESSOR_DEFINITIONS = (
					"DEBUG=1",
					"$(inherited)",
				);
				GCC_WARN_64_TO_32_BIT_CONVERSION = YES;
				GCC_WARN_ABOUT_RETURN_TYPE = YES_ERROR;
				GCC_WARN_UNDECLARED_SELECTOR = YES;
				GCC_WARN_UNINITIALIZED_AUTOS = YES_AGGRESSIVE;
				GCC_WARN_UNUSED_FUNCTION = YES;
				GCC_WARN_UNUSED_VARIABLE = YES;
				MACOSX_DEPLOYMENT_TARGET = 10.11;
				MTL_ENABLE_DEBUG_INFO = YES;
				ONLY_ACTIVE_ARCH = YES;
				SDKROOT = macosx;
			};
			name = Debug;
		};
		592662B31D9590630021746A /* Release */ = {
			isa = XCBuildConfiguration;
			buildSettings = {
				ALWAYS_SEARCH_USER_PATHS = NO;
				CLANG_ANALYZER_NONNULL = YES;
				CLANG_CXX_LANGUAGE_STANDARD = "gnu++0x";
				CLANG_CXX_LIBRARY = "libc++";
				CLANG_ENABLE_MODULES = YES;
				CLANG_ENABLE_OBJC_ARC = YES;
				CLANG_WARN_BOOL_CONVERSION = YES;
				CLANG_WARN_CONSTANT_CONVERSION = YES;
				CLANG_WARN_DIRECT_OBJC_ISA_USAGE = YES_ERROR;
				CLANG_WARN_DOCUMENTATION_COMMENTS = YES;
				CLANG_WARN_EMPTY_BODY = YES;
				CLANG_WARN_ENUM_CONVERSION = YES;
				CLANG_WARN_INFINITE_RECURSION = YES;
				CLANG_WARN_INT_CONVERSION = YES;
				CLANG_WARN_OBJC_ROOT_CLASS = YES_ERROR;
				CLANG_WARN_SUSPICIOUS_MOVES = YES;
				CLANG_WARN_UNREACHABLE_CODE = YES;
				CLANG_WARN__DUPLICATE_METHOD_MATCH = YES;
				CODE_SIGN_IDENTITY = "-";
				COPY_PHASE_STRIP = NO;
				DEBUG_INFORMATION_FORMAT = "dwarf-with-dsym";
				ENABLE_NS_ASSERTIONS = NO;
				ENABLE_STRICT_OBJC_MSGSEND = YES;
				GCC_C_LANGUAGE_STANDARD = gnu99;
				GCC_NO_COMMON_BLOCKS = YES;
				GCC_WARN_64_TO_32_BIT_CONVERSION = YES;
				GCC_WARN_ABOUT_RETURN_TYPE = YES_ERROR;
				GCC_WARN_UNDECLARED_SELECTOR = YES;
				GCC_WARN_UNINITIALIZED_AUTOS = YES_AGGRESSIVE;
				GCC_WARN_UNUSED_FUNCTION = YES;
				GCC_WARN_UNUSED_VARIABLE = YES;
				MACOSX_DEPLOYMENT_TARGET = 10.11;
				MTL_ENABLE_DEBUG_INFO = NO;
				SDKROOT = macosx;
			};
			name = Release;
		};
		592662B51D9590630021746A /* Debug */ = {
			isa = XCBuildConfiguration;
			buildSettings = {
				PRODUCT_NAME = "$(TARGET_NAME)";
			};
			name = Debug;
		};
		592662B61D9590630021746A /* Release */ = {
			isa = XCBuildConfiguration;
			buildSettings = {
				PRODUCT_NAME = "$(TARGET_NAME)";
			};
			name = Release;
		};
		59D381FC1D97083A00E87393 /* Debug */ = {
			isa = XCBuildConfiguration;
			buildSettings = {
				PRODUCT_NAME = "$(TARGET_NAME)";
			};
			name = Debug;
		};
		59D381FD1D97083A00E87393 /* Release */ = {
			isa = XCBuildConfiguration;
			buildSettings = {
				PRODUCT_NAME = "$(TARGET_NAME)";
			};
			name = Release;
		};
		59D382111D97343000E87393 /* Debug */ = {
			isa = XCBuildConfiguration;
			buildSettings = {
				PRODUCT_NAME = "$(TARGET_NAME)";
			};
			name = Debug;
		};
		59D382121D97343000E87393 /* Release */ = {
			isa = XCBuildConfiguration;
			buildSettings = {
				PRODUCT_NAME = "$(TARGET_NAME)";
			};
			name = Release;
		};
		9D97F8151D9A8A1900582EAF /* Debug */ = {
			isa = XCBuildConfiguration;
			buildSettings = {
				PRODUCT_NAME = "$(TARGET_NAME)";
			};
			name = Debug;
		};
		9D97F8161D9A8A1900582EAF /* Release */ = {
			isa = XCBuildConfiguration;
			buildSettings = {
				PRODUCT_NAME = "$(TARGET_NAME)";
			};
			name = Release;
		};
/* End XCBuildConfiguration section */

/* Begin XCConfigurationList section */
		592662A81D9590630021746A /* Build configuration list for PBXProject "indigo" */ = {
			isa = XCConfigurationList;
			buildConfigurations = (
				592662B21D9590630021746A /* Debug */,
				592662B31D9590630021746A /* Release */,
			);
			defaultConfigurationIsVisible = 0;
			defaultConfigurationName = Release;
		};
		592662B41D9590630021746A /* Build configuration list for PBXNativeTarget "test" */ = {
			isa = XCConfigurationList;
			buildConfigurations = (
				592662B51D9590630021746A /* Debug */,
				592662B61D9590630021746A /* Release */,
			);
			defaultConfigurationIsVisible = 0;
			defaultConfigurationName = Release;
		};
		59D381FB1D97083A00E87393 /* Build configuration list for PBXNativeTarget "driver" */ = {
			isa = XCConfigurationList;
			buildConfigurations = (
				59D381FC1D97083A00E87393 /* Debug */,
				59D381FD1D97083A00E87393 /* Release */,
			);
			defaultConfigurationIsVisible = 0;
			defaultConfigurationName = Release;
		};
		59D382101D97343000E87393 /* Build configuration list for PBXNativeTarget "client" */ = {
			isa = XCConfigurationList;
			buildConfigurations = (
				59D382111D97343000E87393 /* Debug */,
				59D382121D97343000E87393 /* Release */,
			);
			defaultConfigurationIsVisible = 0;
			defaultConfigurationName = Release;
		};
		9D97F8141D9A8A1900582EAF /* Build configuration list for PBXNativeTarget "server" */ = {
			isa = XCConfigurationList;
			buildConfigurations = (
				9D97F8151D9A8A1900582EAF /* Debug */,
				9D97F8161D9A8A1900582EAF /* Release */,
			);
			defaultConfigurationIsVisible = 0;
			defaultConfigurationName = Release;
		};
/* End XCConfigurationList section */
	};
	rootObject = 592662A51D9590630021746A /* Project object */;
}
